// !$*UTF8*$!
{
	archiveVersion = 1;
	classes = {
	};
	objectVersion = 60;
	objects = {
/* Begin PBXBuildFile section */
		BF325108BBEA41ACAA2930E4 /* VeraFlowApp.swift in Sources */ = {isa = PBXBuildFile; fileRef = 6E6CA2E43B0C4F8F9B3A892F /* VeraFlowApp.swift */; };
		145E0F694ADA43B4A376AC86 /* AppConstants.swift in Sources */ = {isa = PBXBuildFile; fileRef = A0A53328C42944C9A2A93888 /* AppConstants.swift */; };
		0099BC87E7B84C4EA8DEDA2A /* SettingsView.swift in Sources */ = {isa = PBXBuildFile; fileRef = DD8E9A27F880423BAE37263F /* SettingsView.swift */; };
		6B25C06D01F643179AE97C58 /* LibraryViewModel.swift in Sources */ = {isa = PBXBuildFile; fileRef = 17E20B81300743D69849C344 /* LibraryViewModel.swift */; };
		B47A99FF96EB4780A8598F1B /* LibraryView.swift in Sources */ = {isa = PBXBuildFile; fileRef = 7399E0B3546743DA85D0CD77 /* LibraryView.swift */; };
		E6CE35DB27E44DD4B361C29A /* RecordingDetailView.swift in Sources */ = {isa = PBXBuildFile; fileRef = 93EA705158B34840B45544A4 /* RecordingDetailView.swift */; };
		7D6C0FF2B51547CDA7945E45 /* RecorderView.swift in Sources */ = {isa = PBXBuildFile; fileRef = 7A517922B4EC48F4824D1DFF /* RecorderView.swift */; };
		CB6A9B00077746E09C70F9CB /* TimedWord.swift in Sources */ = {isa = PBXBuildFile; fileRef = 4452B9E3570C41019C87EF18 /* TimedWord.swift */; };
		1A5B7BC9E12E4028867FFB1B /* PipelineStage.swift in Sources */ = {isa = PBXBuildFile; fileRef = FC3BCAB181AA42CBB85F7E82 /* PipelineStage.swift */; };
		BB9BDFAA7AB84177A53D9B29 /* RecordingSource.swift in Sources */ = {isa = PBXBuildFile; fileRef = 8B67B34DDCC341F8A06372C8 /* RecordingSource.swift */; };
		78E4A3315D0348449FC73AF3 /* TemplateID.swift in Sources */ = {isa = PBXBuildFile; fileRef = 41375B1FA01143A288515FE1 /* TemplateID.swift */; };
		EA4DF20862D047D990306CF7 /* Speaker.swift in Sources */ = {isa = PBXBuildFile; fileRef = 715F3C19C10F4E0097480D31 /* Speaker.swift */; };
		BDC4CC9C03AF461DBCA7B6A1 /* Recording.swift in Sources */ = {isa = PBXBuildFile; fileRef = EA386D31E5924862AAAFAC64 /* Recording.swift */; };
		AA061E8052E34BE98335DAB7 /* SummaryRecord.swift in Sources */ = {isa = PBXBuildFile; fileRef = 44FC555447C44C94845A3D48 /* SummaryRecord.swift */; };
		03FE91B0C6984C3DAE5E6789 /* Bookmark.swift in Sources */ = {isa = PBXBuildFile; fileRef = 7385F6BBFB8A43E4980CD7D0 /* Bookmark.swift */; };
		DF90B778F76547888547738E /* TranscriptSegment.swift in Sources */ = {isa = PBXBuildFile; fileRef = 89D4F120DC7B4B7C8A272AD6 /* TranscriptSegment.swift */; };
		ACA3A60CBBE8493B9E640907 /* CrashRecoveryService.swift in Sources */ = {isa = PBXBuildFile; fileRef = 6C58B10C98C84464ABDE22A3 /* CrashRecoveryService.swift */; };
		3D8AA477B0F542C1937B442F /* AudioRecorderService.swift in Sources */ = {isa = PBXBuildFile; fileRef = B83EE587597C43E29CCCD398 /* AudioRecorderService.swift */; };
		54A77DEA07F944828CC8DE66 /* FakeAudioImportService.swift in Sources */ = {isa = PBXBuildFile; fileRef = FDF3F8C3CC3D4D3E9E9AF7B3 /* FakeAudioImportService.swift */; };
		4CCE423E2646425D8F786546 /* PreviewData.swift in Sources */ = {isa = PBXBuildFile; fileRef = D91B6863F0AD4327957574BC /* PreviewData.swift */; };
		860D38A9BBE746C7A755CE7E /* FakeCapabilityService.swift in Sources */ = {isa = PBXBuildFile; fileRef = 5136D5C241A144B79ED2AB79 /* FakeCapabilityService.swift */; };
		0AEAC7ED837C4B0A8B8CDB11 /* FakeTranscriptAligner.swift in Sources */ = {isa = PBXBuildFile; fileRef = 86B98B27092F447190DEE7D2 /* FakeTranscriptAligner.swift */; };
		FD2BEC90FE4A40219C7C5DB3 /* FakeSummarizationService.swift in Sources */ = {isa = PBXBuildFile; fileRef = A2FBD1FFB4D74C388FC6B80E /* FakeSummarizationService.swift */; };
		291EB0EACA514AF1AC655C2D /* FakeDueDateResolver.swift in Sources */ = {isa = PBXBuildFile; fileRef = E1C6C2B7022E464087FADFB5 /* FakeDueDateResolver.swift */; };
		52D569DF5AA545A0902A8B23 /* FakeDiarizationService.swift in Sources */ = {isa = PBXBuildFile; fileRef = B4B4DEE36F6541228B526862 /* FakeDiarizationService.swift */; };
		DD6DE6FFC0A944EEA3541950 /* FakeExportService.swift in Sources */ = {isa = PBXBuildFile; fileRef = 8B622D2A8DFC480D9CC9E4AC /* FakeExportService.swift */; };
		AF9A828138B444DEB121F9D9 /* FakePurchaseService.swift in Sources */ = {isa = PBXBuildFile; fileRef = FC0F8D3D76D24852B3A4DBE6 /* FakePurchaseService.swift */; };
		7EA49E66A9FB4518B21F216C /* FakeTranscriptionService.swift in Sources */ = {isa = PBXBuildFile; fileRef = F6A362848F154CC48ECD740B /* FakeTranscriptionService.swift */; };
		57E16A924DAE4998BF989EE9 /* FakeAudioRecorderService.swift in Sources */ = {isa = PBXBuildFile; fileRef = 7979D9348D0B47BEAE7FBB3B /* FakeAudioRecorderService.swift */; };
		088F1F333664484AAC1045FB /* FakePipelineCoordinator.swift in Sources */ = {isa = PBXBuildFile; fileRef = 3E11F01BDA984193A3A31D97 /* FakePipelineCoordinator.swift */; };
		BA972C4E57194B43A9A1FBB5 /* DueDateResolverProtocol.swift in Sources */ = {isa = PBXBuildFile; fileRef = 9B806CBD6E76447ABEECF37A /* DueDateResolverProtocol.swift */; };
		5C1216EE03A34B9E9B836C04 /* PurchaseServiceProtocol.swift in Sources */ = {isa = PBXBuildFile; fileRef = 11C43B19019E49DC82BD248E /* PurchaseServiceProtocol.swift */; };
		E68D6A2B09534F5EB0543582 /* AudioRecorderServiceProtocol.swift in Sources */ = {isa = PBXBuildFile; fileRef = EC750C1CCFA04E9FBD151B99 /* AudioRecorderServiceProtocol.swift */; };
		70FEE9CCCC074863B0DB2AEB /* CapabilityServiceProtocol.swift in Sources */ = {isa = PBXBuildFile; fileRef = CCECF2A3D2B64F6DBE6C17C3 /* CapabilityServiceProtocol.swift */; };
		6716B4E157E94DFB88DB2096 /* ExportServiceProtocol.swift in Sources */ = {isa = PBXBuildFile; fileRef = 5DDE5AD721B44906B0395A4B /* ExportServiceProtocol.swift */; };
		5E4285CC0FE34A21AC84D0A3 /* SummarizationServiceProtocol.swift in Sources */ = {isa = PBXBuildFile; fileRef = 0C84CD7BB34C42CA8A080284 /* SummarizationServiceProtocol.swift */; };
		F1962D4F20664594B1077E6F /* TranscriptAlignerProtocol.swift in Sources */ = {isa = PBXBuildFile; fileRef = 877E907C10A4494A920A125D /* TranscriptAlignerProtocol.swift */; };
		A5769EAFCEEA422BAAAA04C8 /* DiarizationServiceProtocol.swift in Sources */ = {isa = PBXBuildFile; fileRef = DE946D266DCC4D9BA2EC3D12 /* DiarizationServiceProtocol.swift */; };
		65BFB0B56B46424184B51031 /* PipelineCoordinatorProtocol.swift in Sources */ = {isa = PBXBuildFile; fileRef = 60B86FA3A1254C859955239F /* PipelineCoordinatorProtocol.swift */; };
		A5E4C527C07F43769EB5E69C /* AudioImportServiceProtocol.swift in Sources */ = {isa = PBXBuildFile; fileRef = 32C19DF0C2114CCCACC4E4A7 /* AudioImportServiceProtocol.swift */; };
		0C264935172C4D55BB874B25 /* TranscriptionServiceProtocol.swift in Sources */ = {isa = PBXBuildFile; fileRef = E5185223C5BA410489F2F299 /* TranscriptionServiceProtocol.swift */; };
		474D65AC9F36412596B811F6 /* ServiceFakesTests.swift in Sources */ = {isa = PBXBuildFile; fileRef = C297C5B16A3E41C09BC01D10 /* ServiceFakesTests.swift */; };
		1B303DFD09B742EC8C36D2F3 /* NetworkPolicyTests.swift in Sources */ = {isa = PBXBuildFile; fileRef = 2F03C6AEBE7E403093C58DC6 /* NetworkPolicyTests.swift */; };
		5945A9D090944291AC335203 /* DataModelTests.swift in Sources */ = {isa = PBXBuildFile; fileRef = 113C8319DF8543D3B7BC668F /* DataModelTests.swift */; };
		4778F618B0274993AC126F3D /* AudioRecordingTests.swift in Sources */ = {isa = PBXBuildFile; fileRef = 84649E3DA3484B5DBA4A21F0 /* AudioRecordingTests.swift */; };
/* End PBXBuildFile section */
/* Begin PBXFileReference section */
		8A9134C831A84369B6C9731D /* VeraFlow.app */ = {isa = PBXFileReference; explicitFileType = wrapper.application; includeInIndex = 0; path = VeraFlow.app; sourceTree = BUILT_PRODUCTS_DIR; };
		E5A89087FCBA4CF8BDC42652 /* VeraFlowTests.xctest */ = {isa = PBXFileReference; explicitFileType = wrapper.cfbundle; includeInIndex = 0; path = VeraFlowTests.xctest; sourceTree = BUILT_PRODUCTS_DIR; };
		6E6CA2E43B0C4F8F9B3A892F /* VeraFlowApp.swift */ = {isa = PBXFileReference; lastKnownFileType = sourcecode.swift; name = "VeraFlowApp.swift"; path = "VeraFlow/App/VeraFlowApp.swift"; sourceTree = "<group>"; };
		A0A53328C42944C9A2A93888 /* AppConstants.swift */ = {isa = PBXFileReference; lastKnownFileType = sourcecode.swift; name = "AppConstants.swift"; path = "VeraFlow/App/AppConstants.swift"; sourceTree = "<group>"; };
		DD8E9A27F880423BAE37263F /* SettingsView.swift */ = {isa = PBXFileReference; lastKnownFileType = sourcecode.swift; name = "SettingsView.swift"; path = "VeraFlow/Features/Settings/SettingsView.swift"; sourceTree = "<group>"; };
		17E20B81300743D69849C344 /* LibraryViewModel.swift */ = {isa = PBXFileReference; lastKnownFileType = sourcecode.swift; name = "LibraryViewModel.swift"; path = "VeraFlow/Features/Library/LibraryViewModel.swift"; sourceTree = "<group>"; };
		7399E0B3546743DA85D0CD77 /* LibraryView.swift */ = {isa = PBXFileReference; lastKnownFileType = sourcecode.swift; name = "LibraryView.swift"; path = "VeraFlow/Features/Library/LibraryView.swift"; sourceTree = "<group>"; };
		93EA705158B34840B45544A4 /* RecordingDetailView.swift */ = {isa = PBXFileReference; lastKnownFileType = sourcecode.swift; name = "RecordingDetailView.swift"; path = "VeraFlow/Features/RecordingDetail/RecordingDetailView.swift"; sourceTree = "<group>"; };
		7A517922B4EC48F4824D1DFF /* RecorderView.swift */ = {isa = PBXFileReference; lastKnownFileType = sourcecode.swift; name = "RecorderView.swift"; path = "VeraFlow/Features/Recorder/RecorderView.swift"; sourceTree = "<group>"; };
		4452B9E3570C41019C87EF18 /* TimedWord.swift */ = {isa = PBXFileReference; lastKnownFileType = sourcecode.swift; name = "TimedWord.swift"; path = "VeraFlow/Data/Types/TimedWord.swift"; sourceTree = "<group>"; };
		FC3BCAB181AA42CBB85F7E82 /* PipelineStage.swift */ = {isa = PBXFileReference; lastKnownFileType = sourcecode.swift; name = "PipelineStage.swift"; path = "VeraFlow/Data/Types/PipelineStage.swift"; sourceTree = "<group>"; };
		8B67B34DDCC341F8A06372C8 /* RecordingSource.swift */ = {isa = PBXFileReference; lastKnownFileType = sourcecode.swift; name = "RecordingSource.swift"; path = "VeraFlow/Data/Types/RecordingSource.swift"; sourceTree = "<group>"; };
		41375B1FA01143A288515FE1 /* TemplateID.swift */ = {isa = PBXFileReference; lastKnownFileType = sourcecode.swift; name = "TemplateID.swift"; path = "VeraFlow/Data/Types/TemplateID.swift"; sourceTree = "<group>"; };
		715F3C19C10F4E0097480D31 /* Speaker.swift */ = {isa = PBXFileReference; lastKnownFileType = sourcecode.swift; name = "Speaker.swift"; path = "VeraFlow/Data/Models/Speaker.swift"; sourceTree = "<group>"; };
		EA386D31E5924862AAAFAC64 /* Recording.swift */ = {isa = PBXFileReference; lastKnownFileType = sourcecode.swift; name = "Recording.swift"; path = "VeraFlow/Data/Models/Recording.swift"; sourceTree = "<group>"; };
		44FC555447C44C94845A3D48 /* SummaryRecord.swift */ = {isa = PBXFileReference; lastKnownFileType = sourcecode.swift; name = "SummaryRecord.swift"; path = "VeraFlow/Data/Models/SummaryRecord.swift"; sourceTree = "<group>"; };
		7385F6BBFB8A43E4980CD7D0 /* Bookmark.swift */ = {isa = PBXFileReference; lastKnownFileType = sourcecode.swift; name = "Bookmark.swift"; path = "VeraFlow/Data/Models/Bookmark.swift"; sourceTree = "<group>"; };
		89D4F120DC7B4B7C8A272AD6 /* TranscriptSegment.swift */ = {isa = PBXFileReference; lastKnownFileType = sourcecode.swift; name = "TranscriptSegment.swift"; path = "VeraFlow/Data/Models/TranscriptSegment.swift"; sourceTree = "<group>"; };
		6C58B10C98C84464ABDE22A3 /* CrashRecoveryService.swift */ = {isa = PBXFileReference; lastKnownFileType = sourcecode.swift; name = "CrashRecoveryService.swift"; path = "VeraFlow/Services/CrashRecoveryService.swift"; sourceTree = "<group>"; };
		B83EE587597C43E29CCCD398 /* AudioRecorderService.swift */ = {isa = PBXFileReference; lastKnownFileType = sourcecode.swift; name = "AudioRecorderService.swift"; path = "VeraFlow/Services/AudioRecorderService.swift"; sourceTree = "<group>"; };
		FDF3F8C3CC3D4D3E9E9AF7B3 /* FakeAudioImportService.swift */ = {isa = PBXFileReference; lastKnownFileType = sourcecode.swift; name = "FakeAudioImportService.swift"; path = "VeraFlow/Services/Fakes/FakeAudioImportService.swift"; sourceTree = "<group>"; };
		D91B6863F0AD4327957574BC /* PreviewData.swift */ = {isa = PBXFileReference; lastKnownFileType = sourcecode.swift; name = "PreviewData.swift"; path = "VeraFlow/Services/Fakes/PreviewData.swift"; sourceTree = "<group>"; };
		5136D5C241A144B79ED2AB79 /* FakeCapabilityService.swift */ = {isa = PBXFileReference; lastKnownFileType = sourcecode.swift; name = "FakeCapabilityService.swift"; path = "VeraFlow/Services/Fakes/FakeCapabilityService.swift"; sourceTree = "<group>"; };
		86B98B27092F447190DEE7D2 /* FakeTranscriptAligner.swift */ = {isa = PBXFileReference; lastKnownFileType = sourcecode.swift; name = "FakeTranscriptAligner.swift"; path = "VeraFlow/Services/Fakes/FakeTranscriptAligner.swift"; sourceTree = "<group>"; };
		A2FBD1FFB4D74C388FC6B80E /* FakeSummarizationService.swift */ = {isa = PBXFileReference; lastKnownFileType = sourcecode.swift; name = "FakeSummarizationService.swift"; path = "VeraFlow/Services/Fakes/FakeSummarizationService.swift"; sourceTree = "<group>"; };
		E1C6C2B7022E464087FADFB5 /* FakeDueDateResolver.swift */ = {isa = PBXFileReference; lastKnownFileType = sourcecode.swift; name = "FakeDueDateResolver.swift"; path = "VeraFlow/Services/Fakes/FakeDueDateResolver.swift"; sourceTree = "<group>"; };
		B4B4DEE36F6541228B526862 /* FakeDiarizationService.swift */ = {isa = PBXFileReference; lastKnownFileType = sourcecode.swift; name = "FakeDiarizationService.swift"; path = "VeraFlow/Services/Fakes/FakeDiarizationService.swift"; sourceTree = "<group>"; };
		8B622D2A8DFC480D9CC9E4AC /* FakeExportService.swift */ = {isa = PBXFileReference; lastKnownFileType = sourcecode.swift; name = "FakeExportService.swift"; path = "VeraFlow/Services/Fakes/FakeExportService.swift"; sourceTree = "<group>"; };
		FC0F8D3D76D24852B3A4DBE6 /* FakePurchaseService.swift */ = {isa = PBXFileReference; lastKnownFileType = sourcecode.swift; name = "FakePurchaseService.swift"; path = "VeraFlow/Services/Fakes/FakePurchaseService.swift"; sourceTree = "<group>"; };
		F6A362848F154CC48ECD740B /* FakeTranscriptionService.swift */ = {isa = PBXFileReference; lastKnownFileType = sourcecode.swift; name = "FakeTranscriptionService.swift"; path = "VeraFlow/Services/Fakes/FakeTranscriptionService.swift"; sourceTree = "<group>"; };
		7979D9348D0B47BEAE7FBB3B /* FakeAudioRecorderService.swift */ = {isa = PBXFileReference; lastKnownFileType = sourcecode.swift; name = "FakeAudioRecorderService.swift"; path = "VeraFlow/Services/Fakes/FakeAudioRecorderService.swift"; sourceTree = "<group>"; };
		3E11F01BDA984193A3A31D97 /* FakePipelineCoordinator.swift */ = {isa = PBXFileReference; lastKnownFileType = sourcecode.swift; name = "FakePipelineCoordinator.swift"; path = "VeraFlow/Services/Fakes/FakePipelineCoordinator.swift"; sourceTree = "<group>"; };
		9B806CBD6E76447ABEECF37A /* DueDateResolverProtocol.swift */ = {isa = PBXFileReference; lastKnownFileType = sourcecode.swift; name = "DueDateResolverProtocol.swift"; path = "VeraFlow/Services/Protocols/DueDateResolverProtocol.swift"; sourceTree = "<group>"; };
		11C43B19019E49DC82BD248E /* PurchaseServiceProtocol.swift */ = {isa = PBXFileReference; lastKnownFileType = sourcecode.swift; name = "PurchaseServiceProtocol.swift"; path = "VeraFlow/Services/Protocols/PurchaseServiceProtocol.swift"; sourceTree = "<group>"; };
		EC750C1CCFA04E9FBD151B99 /* AudioRecorderServiceProtocol.swift */ = {isa = PBXFileReference; lastKnownFileType = sourcecode.swift; name = "AudioRecorderServiceProtocol.swift"; path = "VeraFlow/Services/Protocols/AudioRecorderServiceProtocol.swift"; sourceTree = "<group>"; };
		CCECF2A3D2B64F6DBE6C17C3 /* CapabilityServiceProtocol.swift */ = {isa = PBXFileReference; lastKnownFileType = sourcecode.swift; name = "CapabilityServiceProtocol.swift"; path = "VeraFlow/Services/Protocols/CapabilityServiceProtocol.swift"; sourceTree = "<group>"; };
		5DDE5AD721B44906B0395A4B /* ExportServiceProtocol.swift */ = {isa = PBXFileReference; lastKnownFileType = sourcecode.swift; name = "ExportServiceProtocol.swift"; path = "VeraFlow/Services/Protocols/ExportServiceProtocol.swift"; sourceTree = "<group>"; };
		0C84CD7BB34C42CA8A080284 /* SummarizationServiceProtocol.swift */ = {isa = PBXFileReference; lastKnownFileType = sourcecode.swift; name = "SummarizationServiceProtocol.swift"; path = "VeraFlow/Services/Protocols/SummarizationServiceProtocol.swift"; sourceTree = "<group>"; };
		877E907C10A4494A920A125D /* TranscriptAlignerProtocol.swift */ = {isa = PBXFileReference; lastKnownFileType = sourcecode.swift; name = "TranscriptAlignerProtocol.swift"; path = "VeraFlow/Services/Protocols/TranscriptAlignerProtocol.swift"; sourceTree = "<group>"; };
		DE946D266DCC4D9BA2EC3D12 /* DiarizationServiceProtocol.swift */ = {isa = PBXFileReference; lastKnownFileType = sourcecode.swift; name = "DiarizationServiceProtocol.swift"; path = "VeraFlow/Services/Protocols/DiarizationServiceProtocol.swift"; sourceTree = "<group>"; };
		60B86FA3A1254C859955239F /* PipelineCoordinatorProtocol.swift */ = {isa = PBXFileReference; lastKnownFileType = sourcecode.swift; name = "PipelineCoordinatorProtocol.swift"; path = "VeraFlow/Services/Protocols/PipelineCoordinatorProtocol.swift"; sourceTree = "<group>"; };
		32C19DF0C2114CCCACC4E4A7 /* AudioImportServiceProtocol.swift */ = {isa = PBXFileReference; lastKnownFileType = sourcecode.swift; name = "AudioImportServiceProtocol.swift"; path = "VeraFlow/Services/Protocols/AudioImportServiceProtocol.swift"; sourceTree = "<group>"; };
		E5185223C5BA410489F2F299 /* TranscriptionServiceProtocol.swift */ = {isa = PBXFileReference; lastKnownFileType = sourcecode.swift; name = "TranscriptionServiceProtocol.swift"; path = "VeraFlow/Services/Protocols/TranscriptionServiceProtocol.swift"; sourceTree = "<group>"; };
		C297C5B16A3E41C09BC01D10 /* ServiceFakesTests.swift */ = {isa = PBXFileReference; lastKnownFileType = sourcecode.swift; name = "ServiceFakesTests.swift"; path = "VeraFlowTests/ServiceFakesTests.swift"; sourceTree = "<group>"; };
		2F03C6AEBE7E403093C58DC6 /* NetworkPolicyTests.swift */ = {isa = PBXFileReference; lastKnownFileType = sourcecode.swift; name = "NetworkPolicyTests.swift"; path = "VeraFlowTests/NetworkPolicyTests.swift"; sourceTree = "<group>"; };
		113C8319DF8543D3B7BC668F /* DataModelTests.swift */ = {isa = PBXFileReference; lastKnownFileType = sourcecode.swift; name = "DataModelTests.swift"; path = "VeraFlowTests/DataModelTests.swift"; sourceTree = "<group>"; };
		84649E3DA3484B5DBA4A21F0 /* AudioRecordingTests.swift */ = {isa = PBXFileReference; lastKnownFileType = sourcecode.swift; name = "AudioRecordingTests.swift"; path = "VeraFlowTests/AudioRecordingTests.swift"; sourceTree = "<group>"; };
/* End PBXFileReference section */
/* Begin PBXFrameworksBuildPhase section */
		A241970E913E4FB0A5DEF748 /* Frameworks */ = {
			isa = PBXFrameworksBuildPhase;
			buildActionMask = 2147483647;
			files = (
			);
			runOnlyForDeploymentPostprocessing = 0;
		};
		3019E65B39F342E58D1B775C /* Frameworks */ = {
			isa = PBXFrameworksBuildPhase;
			buildActionMask = 2147483647;
			files = (
			);
			runOnlyForDeploymentPostprocessing = 0;
		};
/* End PBXFrameworksBuildPhase section */
/* Begin PBXGroup section */
		E7A7B1F87E7E4A268BF85460 = {
			isa = PBXGroup;
			children = (
				2E68ED3C79D049DB953D4222 /* VeraFlow */,
				7682063FA4F3418388F52EA1 /* VeraFlowTests */,
				A504A58B2B2A4E28BF195699 /* Products */,
			);
			sourceTree = "<group>";
		};
		2E68ED3C79D049DB953D4222 /* VeraFlow */ = {
			isa = PBXGroup;
			children = (
				6E6CA2E43B0C4F8F9B3A892F /* VeraFlowApp.swift */,
				A0A53328C42944C9A2A93888 /* AppConstants.swift */,
				DD8E9A27F880423BAE37263F /* SettingsView.swift */,
				17E20B81300743D69849C344 /* LibraryViewModel.swift */,
				7399E0B3546743DA85D0CD77 /* LibraryView.swift */,
				93EA705158B34840B45544A4 /* RecordingDetailView.swift */,
				7A517922B4EC48F4824D1DFF /* RecorderView.swift */,
				4452B9E3570C41019C87EF18 /* TimedWord.swift */,
				FC3BCAB181AA42CBB85F7E82 /* PipelineStage.swift */,
				8B67B34DDCC341F8A06372C8 /* RecordingSource.swift */,
				41375B1FA01143A288515FE1 /* TemplateID.swift */,
				715F3C19C10F4E0097480D31 /* Speaker.swift */,
				EA386D31E5924862AAAFAC64 /* Recording.swift */,
				44FC555447C44C94845A3D48 /* SummaryRecord.swift */,
				7385F6BBFB8A43E4980CD7D0 /* Bookmark.swift */,
				89D4F120DC7B4B7C8A272AD6 /* TranscriptSegment.swift */,
				6C58B10C98C84464ABDE22A3 /* CrashRecoveryService.swift */,
				B83EE587597C43E29CCCD398 /* AudioRecorderService.swift */,
				FDF3F8C3CC3D4D3E9E9AF7B3 /* FakeAudioImportService.swift */,
				D91B6863F0AD4327957574BC /* PreviewData.swift */,
				5136D5C241A144B79ED2AB79 /* FakeCapabilityService.swift */,
				86B98B27092F447190DEE7D2 /* FakeTranscriptAligner.swift */,
				A2FBD1FFB4D74C388FC6B80E /* FakeSummarizationService.swift */,
				E1C6C2B7022E464087FADFB5 /* FakeDueDateResolver.swift */,
				B4B4DEE36F6541228B526862 /* FakeDiarizationService.swift */,
				8B622D2A8DFC480D9CC9E4AC /* FakeExportService.swift */,
				FC0F8D3D76D24852B3A4DBE6 /* FakePurchaseService.swift */,
				F6A362848F154CC48ECD740B /* FakeTranscriptionService.swift */,
				7979D9348D0B47BEAE7FBB3B /* FakeAudioRecorderService.swift */,
				3E11F01BDA984193A3A31D97 /* FakePipelineCoordinator.swift */,
				9B806CBD6E76447ABEECF37A /* DueDateResolverProtocol.swift */,
				11C43B19019E49DC82BD248E /* PurchaseServiceProtocol.swift */,
				EC750C1CCFA04E9FBD151B99 /* AudioRecorderServiceProtocol.swift */,
				CCECF2A3D2B64F6DBE6C17C3 /* CapabilityServiceProtocol.swift */,
				5DDE5AD721B44906B0395A4B /* ExportServiceProtocol.swift */,
				0C84CD7BB34C42CA8A080284 /* SummarizationServiceProtocol.swift */,
				877E907C10A4494A920A125D /* TranscriptAlignerProtocol.swift */,
				DE946D266DCC4D9BA2EC3D12 /* DiarizationServiceProtocol.swift */,
				60B86FA3A1254C859955239F /* PipelineCoordinatorProtocol.swift */,
				32C19DF0C2114CCCACC4E4A7 /* AudioImportServiceProtocol.swift */,
				E5185223C5BA410489F2F299 /* TranscriptionServiceProtocol.swift */,
			);
			path = VeraFlow;
			sourceTree = "<group>";
		};
		7682063FA4F3418388F52EA1 /* VeraFlowTests */ = {
			isa = PBXGroup;
			children = (
				C297C5B16A3E41C09BC01D10 /* ServiceFakesTests.swift */,
				2F03C6AEBE7E403093C58DC6 /* NetworkPolicyTests.swift */,
				113C8319DF8543D3B7BC668F /* DataModelTests.swift */,
				84649E3DA3484B5DBA4A21F0 /* AudioRecordingTests.swift */,
			);
			path = VeraFlowTests;
			sourceTree = "<group>";
		};
		A504A58B2B2A4E28BF195699 /* Products */ = {
			isa = PBXGroup;
			children = (
				8A9134C831A84369B6C9731D /* VeraFlow.app */,
				E5A89087FCBA4CF8BDC42652 /* VeraFlowTests.xctest */,
			);
			name = Products;
			sourceTree = "<group>";
		};
/* End PBXGroup section */
/* Begin PBXNativeTarget section */
		DB3CE8DB2EAF4BA7B73FB29B /* VeraFlow */ = {
			isa = PBXNativeTarget;
			buildConfigurationList = C224F61A842545B887F0F77B /* Build configuration list for PBXNativeTarget "VeraFlow" */;
			buildPhases = (
				37FD83E22DDE428DB41D3B7F /* Sources */,
				A241970E913E4FB0A5DEF748 /* Frameworks */,
			);
			buildRules = (
			);
			dependencies = (
			);
			name = VeraFlow;
			productName = VeraFlow;
			productReference = 8A9134C831A84369B6C9731D /* VeraFlow.app */;
			productType = "com.apple.product-type.application";
		};
		4642088BDCA946CE8DF064C1 /* VeraFlowTests */ = {
			isa = PBXNativeTarget;
			buildConfigurationList = 4DD5F94941DB43F3B99FA622 /* Build configuration list for PBXNativeTarget "VeraFlowTests" */;
			buildPhases = (
				F03C233718BC41E2A3E83884 /* Sources */,
				3019E65B39F342E58D1B775C /* Frameworks */,
			);
			buildRules = (
			);
			dependencies = (
			);
			name = VeraFlowTests;
			productName = VeraFlowTests;
			productReference = E5A89087FCBA4CF8BDC42652 /* VeraFlowTests.xctest */;
			productType = "com.apple.product-type.bundle.unit-test";
		};
/* End PBXNativeTarget section */
/* Begin PBXProject section */
		3CFDE825BD87442D898A51EA /* Project object */ = {
			isa = PBXProject;
			attributes = {
				BuildIndependentTargetsInParallel = 1;
				LastUpgradeCheck = 1600;
			};
			buildConfigurationList = FD3D083DC9144E17AEBB303F /* Build configuration list for PBXProject "VeraFlow" */;
			compatibilityVersion = "Xcode 14.0";
			developmentRegion = en;
			hasScannedForEncodings = 0;
			knownRegions = (
				en,
				Base,
			);
			mainGroup = E7A7B1F87E7E4A268BF85460;
			productRefGroup = A504A58B2B2A4E28BF195699 /* Products */;
			projectDirPath = "";
			projectRoot = "";
			targets = (
				DB3CE8DB2EAF4BA7B73FB29B /* VeraFlow */,
				4642088BDCA946CE8DF064C1 /* VeraFlowTests */,
			);
		};
/* End PBXProject section */
/* Begin PBXSourcesBuildPhase section */
		37FD83E22DDE428DB41D3B7F /* Sources */ = {
			isa = PBXSourcesBuildPhase;
			buildActionMask = 2147483647;
			files = (
				BF325108BBEA41ACAA2930E4 /* VeraFlowApp.swift in Sources */,
				145E0F694ADA43B4A376AC86 /* AppConstants.swift in Sources */,
				0099BC87E7B84C4EA8DEDA2A /* SettingsView.swift in Sources */,
				6B25C06D01F643179AE97C58 /* LibraryViewModel.swift in Sources */,
				B47A99FF96EB4780A8598F1B /* LibraryView.swift in Sources */,
				E6CE35DB27E44DD4B361C29A /* RecordingDetailView.swift in Sources */,
				7D6C0FF2B51547CDA7945E45 /* RecorderView.swift in Sources */,
				CB6A9B00077746E09C70F9CB /* TimedWord.swift in Sources */,
				1A5B7BC9E12E4028867FFB1B /* PipelineStage.swift in Sources */,
				BB9BDFAA7AB84177A53D9B29 /* RecordingSource.swift in Sources */,
				78E4A3315D0348449FC73AF3 /* TemplateID.swift in Sources */,
				EA4DF20862D047D990306CF7 /* Speaker.swift in Sources */,
				BDC4CC9C03AF461DBCA7B6A1 /* Recording.swift in Sources */,
				AA061E8052E34BE98335DAB7 /* SummaryRecord.swift in Sources */,
				03FE91B0C6984C3DAE5E6789 /* Bookmark.swift in Sources */,
				DF90B778F76547888547738E /* TranscriptSegment.swift in Sources */,
				ACA3A60CBBE8493B9E640907 /* CrashRecoveryService.swift in Sources */,
				3D8AA477B0F542C1937B442F /* AudioRecorderService.swift in Sources */,
				54A77DEA07F944828CC8DE66 /* FakeAudioImportService.swift in Sources */,
				4CCE423E2646425D8F786546 /* PreviewData.swift in Sources */,
				860D38A9BBE746C7A755CE7E /* FakeCapabilityService.swift in Sources */,
				0AEAC7ED837C4B0A8B8CDB11 /* FakeTranscriptAligner.swift in Sources */,
				FD2BEC90FE4A40219C7C5DB3 /* FakeSummarizationService.swift in Sources */,
				291EB0EACA514AF1AC655C2D /* FakeDueDateResolver.swift in Sources */,
				52D569DF5AA545A0902A8B23 /* FakeDiarizationService.swift in Sources */,
				DD6DE6FFC0A944EEA3541950 /* FakeExportService.swift in Sources */,
				AF9A828138B444DEB121F9D9 /* FakePurchaseService.swift in Sources */,
				7EA49E66A9FB4518B21F216C /* FakeTranscriptionService.swift in Sources */,
				57E16A924DAE4998BF989EE9 /* FakeAudioRecorderService.swift in Sources */,
				088F1F333664484AAC1045FB /* FakePipelineCoordinator.swift in Sources */,
				BA972C4E57194B43A9A1FBB5 /* DueDateResolverProtocol.swift in Sources */,
				5C1216EE03A34B9E9B836C04 /* PurchaseServiceProtocol.swift in Sources */,
				E68D6A2B09534F5EB0543582 /* AudioRecorderServiceProtocol.swift in Sources */,
				70FEE9CCCC074863B0DB2AEB /* CapabilityServiceProtocol.swift in Sources */,
				6716B4E157E94DFB88DB2096 /* ExportServiceProtocol.swift in Sources */,
				5E4285CC0FE34A21AC84D0A3 /* SummarizationServiceProtocol.swift in Sources */,
				F1962D4F20664594B1077E6F /* TranscriptAlignerProtocol.swift in Sources */,
				A5769EAFCEEA422BAAAA04C8 /* DiarizationServiceProtocol.swift in Sources */,
				65BFB0B56B46424184B51031 /* PipelineCoordinatorProtocol.swift in Sources */,
				A5E4C527C07F43769EB5E69C /* AudioImportServiceProtocol.swift in Sources */,
				0C264935172C4D55BB874B25 /* TranscriptionServiceProtocol.swift in Sources */,
			);
			runOnlyForDeploymentPostprocessing = 0;
		};
		F03C233718BC41E2A3E83884 /* Sources */ = {
			isa = PBXSourcesBuildPhase;
			buildActionMask = 2147483647;
			files = (
				474D65AC9F36412596B811F6 /* ServiceFakesTests.swift in Sources */,
				1B303DFD09B742EC8C36D2F3 /* NetworkPolicyTests.swift in Sources */,
				5945A9D090944291AC335203 /* DataModelTests.swift in Sources */,
				4778F618B0274993AC126F3D /* AudioRecordingTests.swift in Sources */,
			);
			runOnlyForDeploymentPostprocessing = 0;
		};
/* End PBXSourcesBuildPhase section */
/* Begin XCBuildConfiguration section */
		B1BB2A4F4945489D98A25D76 /* Debug */ = {
			isa = XCBuildConfiguration;
			buildSettings = {
				ALWAYS_SEARCH_USER_PATHS = NO;
				CLANG_ENABLE_MODULES = YES;
				ENABLE_TESTABILITY = YES;
				IPHONEOS_DEPLOYMENT_TARGET = 26.0;
				SDKROOT = iphoneos;
				SWIFT_STRICT_CONCURRENCY = complete;
				SWIFT_VERSION = 6.0;
			};
			name = Debug;
		};
		6D97FA4585A14BD08E860001 /* Release */ = {
			isa = XCBuildConfiguration;
			buildSettings = {
				ALWAYS_SEARCH_USER_PATHS = NO;
				CLANG_ENABLE_MODULES = YES;
				IPHONEOS_DEPLOYMENT_TARGET = 26.0;
				SDKROOT = iphoneos;
				SWIFT_STRICT_CONCURRENCY = complete;
				SWIFT_VERSION = 6.0;
			};
			name = Release;
		};
		9F6CE5F9BEED43ADBAFD52D9 /* Debug */ = {
			isa = XCBuildConfiguration;
			buildSettings = {
				ASSETCATALOG_COMPILER_APPICON_NAME = AppIcon;
				CURRENT_PROJECT_VERSION = 1;
				GENERATE_INFOPLIST_FILE = YES;
				INFOPLIST_KEY_CFBundleDisplayName = VeraFlow;
				INFOPLIST_KEY_NSMicrophoneUsageDescription = "VeraFlow records meetings and audio locally on your iPhone. Audio never leaves your device.";
				INFOPLIST_KEY_UIBackgroundModes = audio;
				MARKETING_VERSION = 1.0;
				PRODUCT_BUNDLE_IDENTIFIER = com.veraflow.app;
				PRODUCT_NAME = "$(TARGET_NAME)";
				SWIFT_OPTIMIZATION_LEVEL = "-Onone";
			};
			name = Debug;
		};
		D5BE362113694C11A3955FE6 /* Release */ = {
			isa = XCBuildConfiguration;
			buildSettings = {
				ASSETCATALOG_COMPILER_APPICON_NAME = AppIcon;
				CURRENT_PROJECT_VERSION = 1;
				GENERATE_INFOPLIST_FILE = YES;
				INFOPLIST_KEY_CFBundleDisplayName = VeraFlow;
				INFOPLIST_KEY_NSMicrophoneUsageDescription = "VeraFlow records meetings and audio locally on your iPhone. Audio never leaves your device.";
				INFOPLIST_KEY_UIBackgroundModes = audio;
				MARKETING_VERSION = 1.0;
				PRODUCT_BUNDLE_IDENTIFIER = com.veraflow.app;
				PRODUCT_NAME = "$(TARGET_NAME)";
			};
			name = Release;
		};
		2E0B33A91AD74884B3ADD216 /* Debug */ = {
			isa = XCBuildConfiguration;
			buildSettings = {
				BUNDLE_LOADER = "$(TEST_HOST)";
				GENERATE_INFOPLIST_FILE = YES;
				PRODUCT_BUNDLE_IDENTIFIER = com.veraflow.VeraFlowTests;
				PRODUCT_NAME = "$(TARGET_NAME)";
				TEST_HOST = "$(BUILT_PRODUCTS_DIR)/VeraFlow.app/$(BUNDLE_EXECUTABLE_FOLDER_PATH)/VeraFlow";
			};
			name = Debug;
		};
		8BBFC0DAAECD402D93A127A0 /* Release */ = {
			isa = XCBuildConfiguration;
			buildSettings = {
				BUNDLE_LOADER = "$(TEST_HOST)";
				GENERATE_INFOPLIST_FILE = YES;
				PRODUCT_BUNDLE_IDENTIFIER = com.veraflow.VeraFlowTests;
				PRODUCT_NAME = "$(TARGET_NAME)";
				TEST_HOST = "$(BUILT_PRODUCTS_DIR)/VeraFlow.app/$(BUNDLE_EXECUTABLE_FOLDER_PATH)/VeraFlow";
			};
			name = Release;
		};
/* End XCBuildConfiguration section */
/* Begin XCConfigurationList section */
		FD3D083DC9144E17AEBB303F /* Build configuration list for PBXProject "VeraFlow" */ = {
			isa = XCConfigurationList;
			buildConfigurations = (
				B1BB2A4F4945489D98A25D76 /* Debug */,
				6D97FA4585A14BD08E860001 /* Release */,
			);
			defaultConfigurationIsVisible = 0;
			defaultConfigurationName = Release;
		};
		C224F61A842545B887F0F77B /* Build configuration list for PBXNativeTarget "VeraFlow" */ = {
			isa = XCConfigurationList;
			buildConfigurations = (
				9F6CE5F9BEED43ADBAFD52D9 /* Debug */,
				D5BE362113694C11A3955FE6 /* Release */,
			);
			defaultConfigurationIsVisible = 0;
			defaultConfigurationName = Release;
		};
		4DD5F94941DB43F3B99FA622 /* Build configuration list for PBXNativeTarget "VeraFlowTests" */ = {
			isa = XCConfigurationList;
			buildConfigurations = (
				2E0B33A91AD74884B3ADD216 /* Debug */,
				8BBFC0DAAECD402D93A127A0 /* Release */,
			);
			defaultConfigurationIsVisible = 0;
			defaultConfigurationName = Release;
		};
/* End XCConfigurationList section */
	};
	rootObject = 3CFDE825BD87442D898A51EA /* Project object */;
}
