// !$*UTF8*$!
{
	archiveVersion = 1;
	classes = {
	};
	objectVersion = 60;
	objects = {
/* Begin PBXBuildFile section */
		9E2A75AC582B49AC95C9F3C1 /* VeraFlowApp.swift in Sources */ = {isa = PBXBuildFile; fileRef = 371F48D1F4EF4E3D9CFD40B2 /* VeraFlowApp.swift */; };
		DC45BE3FB4A14677B316898D /* AppConstants.swift in Sources */ = {isa = PBXBuildFile; fileRef = C176881DECCE495B9A522790 /* AppConstants.swift */; };
		3EC5FB0320644810BCD26C41 /* SettingsView.swift in Sources */ = {isa = PBXBuildFile; fileRef = 6829519FF4C34D049F8480C2 /* SettingsView.swift */; };
		286D23D580DD4CE8B230D560 /* LibraryViewModel.swift in Sources */ = {isa = PBXBuildFile; fileRef = 8FB68376C37D49208C900C99 /* LibraryViewModel.swift */; };
		B84EA8951AF34A1DA2878928 /* LibraryView.swift in Sources */ = {isa = PBXBuildFile; fileRef = 0D29871E5F964416AC8AA1FD /* LibraryView.swift */; };
		E2042C99A6BB435DBF94E8FA /* RecordingDetailView.swift in Sources */ = {isa = PBXBuildFile; fileRef = 1F827E09A3C74C95B3D555F4 /* RecordingDetailView.swift */; };
		D843CD2E570E46989BD7A332 /* ConsentReminderSheet.swift in Sources */ = {isa = PBXBuildFile; fileRef = A9C7F58275944925860E5B93 /* ConsentReminderSheet.swift */; };
		A89F84A6A511414EACE7FEEC /* RecorderView.swift in Sources */ = {isa = PBXBuildFile; fileRef = 929BBC9C163C4EE693A6AFA4 /* RecorderView.swift */; };
		124E3CADF70F40FAB8675E0B /* ExportSheet.swift in Sources */ = {isa = PBXBuildFile; fileRef = 02A660E7D6384742A9CA44D8 /* ExportSheet.swift */; };
		4C69C50CF3BC405A86BECED0 /* MailComposeView.swift in Sources */ = {isa = PBXBuildFile; fileRef = 877A0AEFA78A4A838192B707 /* MailComposeView.swift */; };
		CCC19B27B8334680B749EC02 /* PaywallSheet.swift in Sources */ = {isa = PBXBuildFile; fileRef = D4969403FBCA464AAE2D4361 /* PaywallSheet.swift */; };
		A255DC9293F34578A35656B4 /* OnboardingView.swift in Sources */ = {isa = PBXBuildFile; fileRef = 5132CDDE5AAB494AB2E4D147 /* OnboardingView.swift */; };
		410A218288FE47AAA5EACCC1 /* TimedWord.swift in Sources */ = {isa = PBXBuildFile; fileRef = B3BDC85D3C124BA7A6C85131 /* TimedWord.swift */; };
		B44C639F083B4D96BAF4A08C /* PipelineStage.swift in Sources */ = {isa = PBXBuildFile; fileRef = 80C4C3B4A5D1467D8FFE0501 /* PipelineStage.swift */; };
		BD1889116AFC45588AC0A89A /* RecordingSource.swift in Sources */ = {isa = PBXBuildFile; fileRef = 411BA072145D4C73BC61C7A2 /* RecordingSource.swift */; };
		103ABA593F004D44AED342BC /* TemplateID.swift in Sources */ = {isa = PBXBuildFile; fileRef = 245C47191DC84A1D8D5A35C4 /* TemplateID.swift */; };
		B5723FB359244E358E6D33BF /* TemplateOutputs.swift in Sources */ = {isa = PBXBuildFile; fileRef = 63EC3A9133244985BE438332 /* TemplateOutputs.swift */; };
		FF6E09231F2049728D76FCF1 /* Speaker.swift in Sources */ = {isa = PBXBuildFile; fileRef = 83DB5D748D21404A9DC3B1E5 /* Speaker.swift */; };
		CD3D5EFAFC6F4C92BCA0A62E /* Recording.swift in Sources */ = {isa = PBXBuildFile; fileRef = 3A38C24DB354494698784FE3 /* Recording.swift */; };
		5097CB289FA64C9E80B2A037 /* SummaryRecord.swift in Sources */ = {isa = PBXBuildFile; fileRef = 31894B6646AD425DB128EFFD /* SummaryRecord.swift */; };
		60F47F795CBD4AEB9321F76B /* Bookmark.swift in Sources */ = {isa = PBXBuildFile; fileRef = 71C8BF48442B409F811848D5 /* Bookmark.swift */; };
		442E6FE431284D6896304DE7 /* TranscriptSegment.swift in Sources */ = {isa = PBXBuildFile; fileRef = C637537743674DE5A17F6A87 /* TranscriptSegment.swift */; };
		2EB7A538F54F47638D2DE8C7 /* DueDateResolver.swift in Sources */ = {isa = PBXBuildFile; fileRef = 0C02D0140A4B4429810F8BA7 /* DueDateResolver.swift */; };
		64A62EF4696148E697E76059 /* SummarizationService.swift in Sources */ = {isa = PBXBuildFile; fileRef = 0E7D469B4DE04F80914710F4 /* SummarizationService.swift */; };
		40C7FB45349042649887F34B /* SpeechTranscriptionService.swift in Sources */ = {isa = PBXBuildFile; fileRef = 8373AA58E2444E59BB639453 /* SpeechTranscriptionService.swift */; };
		EF9773AD574E4842BF121237 /* ExportService.swift in Sources */ = {isa = PBXBuildFile; fileRef = 997E5BF1A29D46BA9ABD5EC8 /* ExportService.swift */; };
		F80D79FB1929446BAB4DE554 /* FluidDiarizationService.swift in Sources */ = {isa = PBXBuildFile; fileRef = 3B2C1DD78FC448EFB304E1B8 /* FluidDiarizationService.swift */; };
		E756675AFFCC4779B6C8E558 /* ParagraphingService.swift in Sources */ = {isa = PBXBuildFile; fileRef = E266196AE65F481A940457D0 /* ParagraphingService.swift */; };
		2F0E0C1E0CD4494498895FC6 /* KeychainStorage.swift in Sources */ = {isa = PBXBuildFile; fileRef = 241DF9BA7CCA4E8E82A29072 /* KeychainStorage.swift */; };
		D2B348F218B34F6695CB4211 /* AudioPlayerService.swift in Sources */ = {isa = PBXBuildFile; fileRef = 16EF783DC7CC461EA4CF6701 /* AudioPlayerService.swift */; };
		69276F6107BD4A02AB4DAB95 /* CrashRecoveryService.swift in Sources */ = {isa = PBXBuildFile; fileRef = DE0207BA947B423E8D4E5727 /* CrashRecoveryService.swift */; };
		195F6FDBD2414E5FAA582453 /* AudioImportService.swift in Sources */ = {isa = PBXBuildFile; fileRef = BB5302D4B8544EA49915301C /* AudioImportService.swift */; };
		117166EA6F5C4DDDB971934F /* AudioRecorderService.swift in Sources */ = {isa = PBXBuildFile; fileRef = 9D47B7797B4B4F208297D385 /* AudioRecorderService.swift */; };
		5A5442942B7A455CBC800592 /* StoreKitPurchaseService.swift in Sources */ = {isa = PBXBuildFile; fileRef = AB995545AB644CA8AF5FF3E0 /* StoreKitPurchaseService.swift */; };
		CADB18FAF6C04AD99B533E50 /* TranscriptAligner.swift in Sources */ = {isa = PBXBuildFile; fileRef = 1234932DEC794F29873C74C1 /* TranscriptAligner.swift */; };
		F3B27B6B2A31499CA81937C7 /* CapabilityService.swift in Sources */ = {isa = PBXBuildFile; fileRef = 7887129D355B4DD7A05AA96B /* CapabilityService.swift */; };
		DC658A1ED7984E96BDDFE631 /* BiometricLockService.swift in Sources */ = {isa = PBXBuildFile; fileRef = 6307ABF96D7345CC86EA7FFC /* BiometricLockService.swift */; };
		64A2DF0F08A64E7D8208C1CC /* ActionItemProcessor.swift in Sources */ = {isa = PBXBuildFile; fileRef = 541706CE520445038237ACD6 /* ActionItemProcessor.swift */; };
		ABA4C022D617446F84C71440 /* FakeAudioImportService.swift in Sources */ = {isa = PBXBuildFile; fileRef = CC37B0EC31EE43B792839F33 /* FakeAudioImportService.swift */; };
		88636DD4F2BF41FDA40AB55E /* PreviewData.swift in Sources */ = {isa = PBXBuildFile; fileRef = 3BB5F74C410E4892AB189EEE /* PreviewData.swift */; };
		408032FA98844FCF90470CCF /* FakeCapabilityService.swift in Sources */ = {isa = PBXBuildFile; fileRef = 9B952E8580C7424A90670FA7 /* FakeCapabilityService.swift */; };
		5BDDA702485D4003AFC8AB9A /* FakeTranscriptAligner.swift in Sources */ = {isa = PBXBuildFile; fileRef = 85F45D8A679F46E9AAC159D6 /* FakeTranscriptAligner.swift */; };
		A33F36F038364D69B8A50707 /* FakeSummarizationService.swift in Sources */ = {isa = PBXBuildFile; fileRef = 909F8188F6B8439DB72B5A6A /* FakeSummarizationService.swift */; };
		D6F86814EB2C41AF8AE3EFEF /* FakeDueDateResolver.swift in Sources */ = {isa = PBXBuildFile; fileRef = 652F689743D74A47AADF2E7B /* FakeDueDateResolver.swift */; };
		26277589486A4A21A8C7679C /* FakeDiarizationService.swift in Sources */ = {isa = PBXBuildFile; fileRef = AC1248C36D714C4CBA470D71 /* FakeDiarizationService.swift */; };
		239A4C30A6A34EE59DB95187 /* FakeExportService.swift in Sources */ = {isa = PBXBuildFile; fileRef = 3DF4A8AFD0BB4802A3E637CA /* FakeExportService.swift */; };
		CFBEDE8A904648179FCAEF40 /* FakePurchaseService.swift in Sources */ = {isa = PBXBuildFile; fileRef = C11958AE2B364F4A8CA1CF45 /* FakePurchaseService.swift */; };
		8979D845CB5D40F7B1208155 /* FakeTranscriptionService.swift in Sources */ = {isa = PBXBuildFile; fileRef = C01FB8874AB0481C81B4F9D9 /* FakeTranscriptionService.swift */; };
		127628B5FB83409A8EDD4CD4 /* FakeAudioRecorderService.swift in Sources */ = {isa = PBXBuildFile; fileRef = 8DF7E972BA5345389CE1C106 /* FakeAudioRecorderService.swift */; };
		A155D4C8796448D49153EB46 /* FakePipelineCoordinator.swift in Sources */ = {isa = PBXBuildFile; fileRef = F411FD53ECED422BB6411D72 /* FakePipelineCoordinator.swift */; };
		79739D85B17042E1AA829290 /* DueDateResolverProtocol.swift in Sources */ = {isa = PBXBuildFile; fileRef = 44625C3A7550428AB7FC8D27 /* DueDateResolverProtocol.swift */; };
		7F00CA35B29C4973834DE45D /* PurchaseServiceProtocol.swift in Sources */ = {isa = PBXBuildFile; fileRef = 3725BF6E220445B4AA8097C4 /* PurchaseServiceProtocol.swift */; };
		07CA983F70C44D0491D20BDE /* AudioRecorderServiceProtocol.swift in Sources */ = {isa = PBXBuildFile; fileRef = 4535D931AE534876B4486681 /* AudioRecorderServiceProtocol.swift */; };
		EF2C9533BB624F8981A35BC5 /* CapabilityServiceProtocol.swift in Sources */ = {isa = PBXBuildFile; fileRef = E19AF937C75649419F8D4CEC /* CapabilityServiceProtocol.swift */; };
		9EBC37543C964FBEBEF6712D /* ExportServiceProtocol.swift in Sources */ = {isa = PBXBuildFile; fileRef = 788E1C6412A04430AA8A894C /* ExportServiceProtocol.swift */; };
		C8082953757B4E1B96A3836D /* SummarizationServiceProtocol.swift in Sources */ = {isa = PBXBuildFile; fileRef = 5F030E6C9E1347CE9B80E7B2 /* SummarizationServiceProtocol.swift */; };
		BB0B4CA955584E2D9E8A113F /* TranscriptAlignerProtocol.swift in Sources */ = {isa = PBXBuildFile; fileRef = 056ED4D466F84DEBA5C1E43E /* TranscriptAlignerProtocol.swift */; };
		A068A766520C449792C51748 /* DiarizationServiceProtocol.swift in Sources */ = {isa = PBXBuildFile; fileRef = CD6F06734BB44B08B6B24361 /* DiarizationServiceProtocol.swift */; };
		3D46AE6C1FE34746BC538365 /* PipelineCoordinatorProtocol.swift in Sources */ = {isa = PBXBuildFile; fileRef = 935C0A521F224CAA90A4C0FE /* PipelineCoordinatorProtocol.swift */; };
		CE9B70E06DA74FE48E30A73A /* AudioImportServiceProtocol.swift in Sources */ = {isa = PBXBuildFile; fileRef = 357E373E447C4D0FB9E99401 /* AudioImportServiceProtocol.swift */; };
		D8428159E5EF4E2BA35E6898 /* TranscriptionServiceProtocol.swift in Sources */ = {isa = PBXBuildFile; fileRef = 93619CA72A5D419EA0669EEB /* TranscriptionServiceProtocol.swift */; };
		48625FC179234E72B291B486 /* AudioImportTests.swift in Sources */ = {isa = PBXBuildFile; fileRef = 4ED63A72791E45F1B69A050A /* AudioImportTests.swift */; };
		8295945B0C094EE0B61183E5 /* DueDateResolverTests.swift in Sources */ = {isa = PBXBuildFile; fileRef = 2EC9A1034A5D4D70B887D083 /* DueDateResolverTests.swift */; };
		0B9E94AEE3044DA8988B6536 /* SummarizationTests.swift in Sources */ = {isa = PBXBuildFile; fileRef = B34F40D8607F4893849F0186 /* SummarizationTests.swift */; };
		A3070FDA46A346C09B4BD207 /* TranscriptionTests.swift in Sources */ = {isa = PBXBuildFile; fileRef = A3FB9A2FE2BD4959B0422029 /* TranscriptionTests.swift */; };
		D207CC61F0C14DE884470E20 /* ServiceFakesTests.swift in Sources */ = {isa = PBXBuildFile; fileRef = CB95129E72714F25BD2999CD /* ServiceFakesTests.swift */; };
		2E8A29092E7C4BB686856C6E /* NetworkPolicyTests.swift in Sources */ = {isa = PBXBuildFile; fileRef = C87681F2724044FBA443B98E /* NetworkPolicyTests.swift */; };
		7901D62268BF4CE4B80CF4E7 /* ExportTests.swift in Sources */ = {isa = PBXBuildFile; fileRef = 471A080EAAA44FEAB00BCEFA /* ExportTests.swift */; };
		416E769529AA4084B570EF8A /* DataModelTests.swift in Sources */ = {isa = PBXBuildFile; fileRef = 713E2FF0130A4CF3A91BF363 /* DataModelTests.swift */; };
		49AB6F380C5E4957A21B4E0D /* AudioRecordingTests.swift in Sources */ = {isa = PBXBuildFile; fileRef = 61BDFAFBA8CF4142BDE4FA71 /* AudioRecordingTests.swift */; };
		8326FC49A94A450086D62239 /* CapabilityAndPrivacyTests.swift in Sources */ = {isa = PBXBuildFile; fileRef = 065156F29AE042EEA0AB6F60 /* CapabilityAndPrivacyTests.swift */; };
		3DD0E7BA17B44F3BBBE58D30 /* TranscriptAlignerTests.swift in Sources */ = {isa = PBXBuildFile; fileRef = FC09DB3DF17B414C872417FE /* TranscriptAlignerTests.swift */; };
		182C3F32577049B49719BC46 /* PurchaseTests.swift in Sources */ = {isa = PBXBuildFile; fileRef = 0B66F8F773C94C71A21B9B38 /* PurchaseTests.swift */; };
/* End PBXBuildFile section */
/* Begin PBXFileReference section */
		B642544E14264777B1E0F873 /* VeraFlow.app */ = {isa = PBXFileReference; explicitFileType = wrapper.application; includeInIndex = 0; path = VeraFlow.app; sourceTree = BUILT_PRODUCTS_DIR; };
		E4799F99A8854F3A93CCB2E6 /* VeraFlowTests.xctest */ = {isa = PBXFileReference; explicitFileType = wrapper.cfbundle; includeInIndex = 0; path = VeraFlowTests.xctest; sourceTree = BUILT_PRODUCTS_DIR; };
		371F48D1F4EF4E3D9CFD40B2 /* VeraFlowApp.swift */ = {isa = PBXFileReference; lastKnownFileType = sourcecode.swift; name = "VeraFlowApp.swift"; path = "VeraFlow/App/VeraFlowApp.swift"; sourceTree = "<group>"; };
		C176881DECCE495B9A522790 /* AppConstants.swift */ = {isa = PBXFileReference; lastKnownFileType = sourcecode.swift; name = "AppConstants.swift"; path = "VeraFlow/App/AppConstants.swift"; sourceTree = "<group>"; };
		6829519FF4C34D049F8480C2 /* SettingsView.swift */ = {isa = PBXFileReference; lastKnownFileType = sourcecode.swift; name = "SettingsView.swift"; path = "VeraFlow/Features/Settings/SettingsView.swift"; sourceTree = "<group>"; };
		8FB68376C37D49208C900C99 /* LibraryViewModel.swift */ = {isa = PBXFileReference; lastKnownFileType = sourcecode.swift; name = "LibraryViewModel.swift"; path = "VeraFlow/Features/Library/LibraryViewModel.swift"; sourceTree = "<group>"; };
		0D29871E5F964416AC8AA1FD /* LibraryView.swift */ = {isa = PBXFileReference; lastKnownFileType = sourcecode.swift; name = "LibraryView.swift"; path = "VeraFlow/Features/Library/LibraryView.swift"; sourceTree = "<group>"; };
		1F827E09A3C74C95B3D555F4 /* RecordingDetailView.swift */ = {isa = PBXFileReference; lastKnownFileType = sourcecode.swift; name = "RecordingDetailView.swift"; path = "VeraFlow/Features/RecordingDetail/RecordingDetailView.swift"; sourceTree = "<group>"; };
		A9C7F58275944925860E5B93 /* ConsentReminderSheet.swift */ = {isa = PBXFileReference; lastKnownFileType = sourcecode.swift; name = "ConsentReminderSheet.swift"; path = "VeraFlow/Features/Recorder/ConsentReminderSheet.swift"; sourceTree = "<group>"; };
		929BBC9C163C4EE693A6AFA4 /* RecorderView.swift */ = {isa = PBXFileReference; lastKnownFileType = sourcecode.swift; name = "RecorderView.swift"; path = "VeraFlow/Features/Recorder/RecorderView.swift"; sourceTree = "<group>"; };
		02A660E7D6384742A9CA44D8 /* ExportSheet.swift */ = {isa = PBXFileReference; lastKnownFileType = sourcecode.swift; name = "ExportSheet.swift"; path = "VeraFlow/Features/Export/ExportSheet.swift"; sourceTree = "<group>"; };
		877A0AEFA78A4A838192B707 /* MailComposeView.swift */ = {isa = PBXFileReference; lastKnownFileType = sourcecode.swift; name = "MailComposeView.swift"; path = "VeraFlow/Features/Export/MailComposeView.swift"; sourceTree = "<group>"; };
		D4969403FBCA464AAE2D4361 /* PaywallSheet.swift */ = {isa = PBXFileReference; lastKnownFileType = sourcecode.swift; name = "PaywallSheet.swift"; path = "VeraFlow/Features/Paywall/PaywallSheet.swift"; sourceTree = "<group>"; };
		5132CDDE5AAB494AB2E4D147 /* OnboardingView.swift */ = {isa = PBXFileReference; lastKnownFileType = sourcecode.swift; name = "OnboardingView.swift"; path = "VeraFlow/Features/Onboarding/OnboardingView.swift"; sourceTree = "<group>"; };
		B3BDC85D3C124BA7A6C85131 /* TimedWord.swift */ = {isa = PBXFileReference; lastKnownFileType = sourcecode.swift; name = "TimedWord.swift"; path = "VeraFlow/Data/Types/TimedWord.swift"; sourceTree = "<group>"; };
		80C4C3B4A5D1467D8FFE0501 /* PipelineStage.swift */ = {isa = PBXFileReference; lastKnownFileType = sourcecode.swift; name = "PipelineStage.swift"; path = "VeraFlow/Data/Types/PipelineStage.swift"; sourceTree = "<group>"; };
		411BA072145D4C73BC61C7A2 /* RecordingSource.swift */ = {isa = PBXFileReference; lastKnownFileType = sourcecode.swift; name = "RecordingSource.swift"; path = "VeraFlow/Data/Types/RecordingSource.swift"; sourceTree = "<group>"; };
		245C47191DC84A1D8D5A35C4 /* TemplateID.swift */ = {isa = PBXFileReference; lastKnownFileType = sourcecode.swift; name = "TemplateID.swift"; path = "VeraFlow/Data/Types/TemplateID.swift"; sourceTree = "<group>"; };
		63EC3A9133244985BE438332 /* TemplateOutputs.swift */ = {isa = PBXFileReference; lastKnownFileType = sourcecode.swift; name = "TemplateOutputs.swift"; path = "VeraFlow/Data/Types/TemplateOutputs.swift"; sourceTree = "<group>"; };
		83DB5D748D21404A9DC3B1E5 /* Speaker.swift */ = {isa = PBXFileReference; lastKnownFileType = sourcecode.swift; name = "Speaker.swift"; path = "VeraFlow/Data/Models/Speaker.swift"; sourceTree = "<group>"; };
		3A38C24DB354494698784FE3 /* Recording.swift */ = {isa = PBXFileReference; lastKnownFileType = sourcecode.swift; name = "Recording.swift"; path = "VeraFlow/Data/Models/Recording.swift"; sourceTree = "<group>"; };
		31894B6646AD425DB128EFFD /* SummaryRecord.swift */ = {isa = PBXFileReference; lastKnownFileType = sourcecode.swift; name = "SummaryRecord.swift"; path = "VeraFlow/Data/Models/SummaryRecord.swift"; sourceTree = "<group>"; };
		71C8BF48442B409F811848D5 /* Bookmark.swift */ = {isa = PBXFileReference; lastKnownFileType = sourcecode.swift; name = "Bookmark.swift"; path = "VeraFlow/Data/Models/Bookmark.swift"; sourceTree = "<group>"; };
		C637537743674DE5A17F6A87 /* TranscriptSegment.swift */ = {isa = PBXFileReference; lastKnownFileType = sourcecode.swift; name = "TranscriptSegment.swift"; path = "VeraFlow/Data/Models/TranscriptSegment.swift"; sourceTree = "<group>"; };
		0C02D0140A4B4429810F8BA7 /* DueDateResolver.swift */ = {isa = PBXFileReference; lastKnownFileType = sourcecode.swift; name = "DueDateResolver.swift"; path = "VeraFlow/Services/DueDateResolver.swift"; sourceTree = "<group>"; };
		0E7D469B4DE04F80914710F4 /* SummarizationService.swift */ = {isa = PBXFileReference; lastKnownFileType = sourcecode.swift; name = "SummarizationService.swift"; path = "VeraFlow/Services/SummarizationService.swift"; sourceTree = "<group>"; };
		8373AA58E2444E59BB639453 /* SpeechTranscriptionService.swift */ = {isa = PBXFileReference; lastKnownFileType = sourcecode.swift; name = "SpeechTranscriptionService.swift"; path = "VeraFlow/Services/SpeechTranscriptionService.swift"; sourceTree = "<group>"; };
		997E5BF1A29D46BA9ABD5EC8 /* ExportService.swift */ = {isa = PBXFileReference; lastKnownFileType = sourcecode.swift; name = "ExportService.swift"; path = "VeraFlow/Services/ExportService.swift"; sourceTree = "<group>"; };
		3B2C1DD78FC448EFB304E1B8 /* FluidDiarizationService.swift */ = {isa = PBXFileReference; lastKnownFileType = sourcecode.swift; name = "FluidDiarizationService.swift"; path = "VeraFlow/Services/FluidDiarizationService.swift"; sourceTree = "<group>"; };
		E266196AE65F481A940457D0 /* ParagraphingService.swift */ = {isa = PBXFileReference; lastKnownFileType = sourcecode.swift; name = "ParagraphingService.swift"; path = "VeraFlow/Services/ParagraphingService.swift"; sourceTree = "<group>"; };
		241DF9BA7CCA4E8E82A29072 /* KeychainStorage.swift */ = {isa = PBXFileReference; lastKnownFileType = sourcecode.swift; name = "KeychainStorage.swift"; path = "VeraFlow/Services/KeychainStorage.swift"; sourceTree = "<group>"; };
		16EF783DC7CC461EA4CF6701 /* AudioPlayerService.swift */ = {isa = PBXFileReference; lastKnownFileType = sourcecode.swift; name = "AudioPlayerService.swift"; path = "VeraFlow/Services/AudioPlayerService.swift"; sourceTree = "<group>"; };
		DE0207BA947B423E8D4E5727 /* CrashRecoveryService.swift */ = {isa = PBXFileReference; lastKnownFileType = sourcecode.swift; name = "CrashRecoveryService.swift"; path = "VeraFlow/Services/CrashRecoveryService.swift"; sourceTree = "<group>"; };
		BB5302D4B8544EA49915301C /* AudioImportService.swift */ = {isa = PBXFileReference; lastKnownFileType = sourcecode.swift; name = "AudioImportService.swift"; path = "VeraFlow/Services/AudioImportService.swift"; sourceTree = "<group>"; };
		9D47B7797B4B4F208297D385 /* AudioRecorderService.swift */ = {isa = PBXFileReference; lastKnownFileType = sourcecode.swift; name = "AudioRecorderService.swift"; path = "VeraFlow/Services/AudioRecorderService.swift"; sourceTree = "<group>"; };
		AB995545AB644CA8AF5FF3E0 /* StoreKitPurchaseService.swift */ = {isa = PBXFileReference; lastKnownFileType = sourcecode.swift; name = "StoreKitPurchaseService.swift"; path = "VeraFlow/Services/StoreKitPurchaseService.swift"; sourceTree = "<group>"; };
		1234932DEC794F29873C74C1 /* TranscriptAligner.swift */ = {isa = PBXFileReference; lastKnownFileType = sourcecode.swift; name = "TranscriptAligner.swift"; path = "VeraFlow/Services/TranscriptAligner.swift"; sourceTree = "<group>"; };
		7887129D355B4DD7A05AA96B /* CapabilityService.swift */ = {isa = PBXFileReference; lastKnownFileType = sourcecode.swift; name = "CapabilityService.swift"; path = "VeraFlow/Services/CapabilityService.swift"; sourceTree = "<group>"; };
		6307ABF96D7345CC86EA7FFC /* BiometricLockService.swift */ = {isa = PBXFileReference; lastKnownFileType = sourcecode.swift; name = "BiometricLockService.swift"; path = "VeraFlow/Services/BiometricLockService.swift"; sourceTree = "<group>"; };
		541706CE520445038237ACD6 /* ActionItemProcessor.swift */ = {isa = PBXFileReference; lastKnownFileType = sourcecode.swift; name = "ActionItemProcessor.swift"; path = "VeraFlow/Services/ActionItemProcessor.swift"; sourceTree = "<group>"; };
		CC37B0EC31EE43B792839F33 /* FakeAudioImportService.swift */ = {isa = PBXFileReference; lastKnownFileType = sourcecode.swift; name = "FakeAudioImportService.swift"; path = "VeraFlow/Services/Fakes/FakeAudioImportService.swift"; sourceTree = "<group>"; };
		3BB5F74C410E4892AB189EEE /* PreviewData.swift */ = {isa = PBXFileReference; lastKnownFileType = sourcecode.swift; name = "PreviewData.swift"; path = "VeraFlow/Services/Fakes/PreviewData.swift"; sourceTree = "<group>"; };
		9B952E8580C7424A90670FA7 /* FakeCapabilityService.swift */ = {isa = PBXFileReference; lastKnownFileType = sourcecode.swift; name = "FakeCapabilityService.swift"; path = "VeraFlow/Services/Fakes/FakeCapabilityService.swift"; sourceTree = "<group>"; };
		85F45D8A679F46E9AAC159D6 /* FakeTranscriptAligner.swift */ = {isa = PBXFileReference; lastKnownFileType = sourcecode.swift; name = "FakeTranscriptAligner.swift"; path = "VeraFlow/Services/Fakes/FakeTranscriptAligner.swift"; sourceTree = "<group>"; };
		909F8188F6B8439DB72B5A6A /* FakeSummarizationService.swift */ = {isa = PBXFileReference; lastKnownFileType = sourcecode.swift; name = "FakeSummarizationService.swift"; path = "VeraFlow/Services/Fakes/FakeSummarizationService.swift"; sourceTree = "<group>"; };
		652F689743D74A47AADF2E7B /* FakeDueDateResolver.swift */ = {isa = PBXFileReference; lastKnownFileType = sourcecode.swift; name = "FakeDueDateResolver.swift"; path = "VeraFlow/Services/Fakes/FakeDueDateResolver.swift"; sourceTree = "<group>"; };
		AC1248C36D714C4CBA470D71 /* FakeDiarizationService.swift */ = {isa = PBXFileReference; lastKnownFileType = sourcecode.swift; name = "FakeDiarizationService.swift"; path = "VeraFlow/Services/Fakes/FakeDiarizationService.swift"; sourceTree = "<group>"; };
		3DF4A8AFD0BB4802A3E637CA /* FakeExportService.swift */ = {isa = PBXFileReference; lastKnownFileType = sourcecode.swift; name = "FakeExportService.swift"; path = "VeraFlow/Services/Fakes/FakeExportService.swift"; sourceTree = "<group>"; };
		C11958AE2B364F4A8CA1CF45 /* FakePurchaseService.swift */ = {isa = PBXFileReference; lastKnownFileType = sourcecode.swift; name = "FakePurchaseService.swift"; path = "VeraFlow/Services/Fakes/FakePurchaseService.swift"; sourceTree = "<group>"; };
		C01FB8874AB0481C81B4F9D9 /* FakeTranscriptionService.swift */ = {isa = PBXFileReference; lastKnownFileType = sourcecode.swift; name = "FakeTranscriptionService.swift"; path = "VeraFlow/Services/Fakes/FakeTranscriptionService.swift"; sourceTree = "<group>"; };
		8DF7E972BA5345389CE1C106 /* FakeAudioRecorderService.swift */ = {isa = PBXFileReference; lastKnownFileType = sourcecode.swift; name = "FakeAudioRecorderService.swift"; path = "VeraFlow/Services/Fakes/FakeAudioRecorderService.swift"; sourceTree = "<group>"; };
		F411FD53ECED422BB6411D72 /* FakePipelineCoordinator.swift */ = {isa = PBXFileReference; lastKnownFileType = sourcecode.swift; name = "FakePipelineCoordinator.swift"; path = "VeraFlow/Services/Fakes/FakePipelineCoordinator.swift"; sourceTree = "<group>"; };
		44625C3A7550428AB7FC8D27 /* DueDateResolverProtocol.swift */ = {isa = PBXFileReference; lastKnownFileType = sourcecode.swift; name = "DueDateResolverProtocol.swift"; path = "VeraFlow/Services/Protocols/DueDateResolverProtocol.swift"; sourceTree = "<group>"; };
		3725BF6E220445B4AA8097C4 /* PurchaseServiceProtocol.swift */ = {isa = PBXFileReference; lastKnownFileType = sourcecode.swift; name = "PurchaseServiceProtocol.swift"; path = "VeraFlow/Services/Protocols/PurchaseServiceProtocol.swift"; sourceTree = "<group>"; };
		4535D931AE534876B4486681 /* AudioRecorderServiceProtocol.swift */ = {isa = PBXFileReference; lastKnownFileType = sourcecode.swift; name = "AudioRecorderServiceProtocol.swift"; path = "VeraFlow/Services/Protocols/AudioRecorderServiceProtocol.swift"; sourceTree = "<group>"; };
		E19AF937C75649419F8D4CEC /* CapabilityServiceProtocol.swift */ = {isa = PBXFileReference; lastKnownFileType = sourcecode.swift; name = "CapabilityServiceProtocol.swift"; path = "VeraFlow/Services/Protocols/CapabilityServiceProtocol.swift"; sourceTree = "<group>"; };
		788E1C6412A04430AA8A894C /* ExportServiceProtocol.swift */ = {isa = PBXFileReference; lastKnownFileType = sourcecode.swift; name = "ExportServiceProtocol.swift"; path = "VeraFlow/Services/Protocols/ExportServiceProtocol.swift"; sourceTree = "<group>"; };
		5F030E6C9E1347CE9B80E7B2 /* SummarizationServiceProtocol.swift */ = {isa = PBXFileReference; lastKnownFileType = sourcecode.swift; name = "SummarizationServiceProtocol.swift"; path = "VeraFlow/Services/Protocols/SummarizationServiceProtocol.swift"; sourceTree = "<group>"; };
		056ED4D466F84DEBA5C1E43E /* TranscriptAlignerProtocol.swift */ = {isa = PBXFileReference; lastKnownFileType = sourcecode.swift; name = "TranscriptAlignerProtocol.swift"; path = "VeraFlow/Services/Protocols/TranscriptAlignerProtocol.swift"; sourceTree = "<group>"; };
		CD6F06734BB44B08B6B24361 /* DiarizationServiceProtocol.swift */ = {isa = PBXFileReference; lastKnownFileType = sourcecode.swift; name = "DiarizationServiceProtocol.swift"; path = "VeraFlow/Services/Protocols/DiarizationServiceProtocol.swift"; sourceTree = "<group>"; };
		935C0A521F224CAA90A4C0FE /* PipelineCoordinatorProtocol.swift */ = {isa = PBXFileReference; lastKnownFileType = sourcecode.swift; name = "PipelineCoordinatorProtocol.swift"; path = "VeraFlow/Services/Protocols/PipelineCoordinatorProtocol.swift"; sourceTree = "<group>"; };
		357E373E447C4D0FB9E99401 /* AudioImportServiceProtocol.swift */ = {isa = PBXFileReference; lastKnownFileType = sourcecode.swift; name = "AudioImportServiceProtocol.swift"; path = "VeraFlow/Services/Protocols/AudioImportServiceProtocol.swift"; sourceTree = "<group>"; };
		93619CA72A5D419EA0669EEB /* TranscriptionServiceProtocol.swift */ = {isa = PBXFileReference; lastKnownFileType = sourcecode.swift; name = "TranscriptionServiceProtocol.swift"; path = "VeraFlow/Services/Protocols/TranscriptionServiceProtocol.swift"; sourceTree = "<group>"; };
		4ED63A72791E45F1B69A050A /* AudioImportTests.swift */ = {isa = PBXFileReference; lastKnownFileType = sourcecode.swift; name = "AudioImportTests.swift"; path = "VeraFlowTests/AudioImportTests.swift"; sourceTree = "<group>"; };
		2EC9A1034A5D4D70B887D083 /* DueDateResolverTests.swift */ = {isa = PBXFileReference; lastKnownFileType = sourcecode.swift; name = "DueDateResolverTests.swift"; path = "VeraFlowTests/DueDateResolverTests.swift"; sourceTree = "<group>"; };
		B34F40D8607F4893849F0186 /* SummarizationTests.swift */ = {isa = PBXFileReference; lastKnownFileType = sourcecode.swift; name = "SummarizationTests.swift"; path = "VeraFlowTests/SummarizationTests.swift"; sourceTree = "<group>"; };
		A3FB9A2FE2BD4959B0422029 /* TranscriptionTests.swift */ = {isa = PBXFileReference; lastKnownFileType = sourcecode.swift; name = "TranscriptionTests.swift"; path = "VeraFlowTests/TranscriptionTests.swift"; sourceTree = "<group>"; };
		CB95129E72714F25BD2999CD /* ServiceFakesTests.swift */ = {isa = PBXFileReference; lastKnownFileType = sourcecode.swift; name = "ServiceFakesTests.swift"; path = "VeraFlowTests/ServiceFakesTests.swift"; sourceTree = "<group>"; };
		C87681F2724044FBA443B98E /* NetworkPolicyTests.swift */ = {isa = PBXFileReference; lastKnownFileType = sourcecode.swift; name = "NetworkPolicyTests.swift"; path = "VeraFlowTests/NetworkPolicyTests.swift"; sourceTree = "<group>"; };
		471A080EAAA44FEAB00BCEFA /* ExportTests.swift */ = {isa = PBXFileReference; lastKnownFileType = sourcecode.swift; name = "ExportTests.swift"; path = "VeraFlowTests/ExportTests.swift"; sourceTree = "<group>"; };
		713E2FF0130A4CF3A91BF363 /* DataModelTests.swift */ = {isa = PBXFileReference; lastKnownFileType = sourcecode.swift; name = "DataModelTests.swift"; path = "VeraFlowTests/DataModelTests.swift"; sourceTree = "<group>"; };
		61BDFAFBA8CF4142BDE4FA71 /* AudioRecordingTests.swift */ = {isa = PBXFileReference; lastKnownFileType = sourcecode.swift; name = "AudioRecordingTests.swift"; path = "VeraFlowTests/AudioRecordingTests.swift"; sourceTree = "<group>"; };
		065156F29AE042EEA0AB6F60 /* CapabilityAndPrivacyTests.swift */ = {isa = PBXFileReference; lastKnownFileType = sourcecode.swift; name = "CapabilityAndPrivacyTests.swift"; path = "VeraFlowTests/CapabilityAndPrivacyTests.swift"; sourceTree = "<group>"; };
		FC09DB3DF17B414C872417FE /* TranscriptAlignerTests.swift */ = {isa = PBXFileReference; lastKnownFileType = sourcecode.swift; name = "TranscriptAlignerTests.swift"; path = "VeraFlowTests/TranscriptAlignerTests.swift"; sourceTree = "<group>"; };
		0B66F8F773C94C71A21B9B38 /* PurchaseTests.swift */ = {isa = PBXFileReference; lastKnownFileType = sourcecode.swift; name = "PurchaseTests.swift"; path = "VeraFlowTests/PurchaseTests.swift"; sourceTree = "<group>"; };
/* End PBXFileReference section */
/* Begin PBXFrameworksBuildPhase section */
		7CE622D7350E45B0B8B62C10 /* Frameworks */ = {
			isa = PBXFrameworksBuildPhase;
			buildActionMask = 2147483647;
			files = (
			);
			runOnlyForDeploymentPostprocessing = 0;
		};
		69E701E834BE4326860C3063 /* Frameworks */ = {
			isa = PBXFrameworksBuildPhase;
			buildActionMask = 2147483647;
			files = (
			);
			runOnlyForDeploymentPostprocessing = 0;
		};
/* End PBXFrameworksBuildPhase section */
/* Begin PBXGroup section */
		7CA4EAE1701C4777AB17899B = {
			isa = PBXGroup;
			children = (
				2BA400BF34DF4EDE88082D97 /* VeraFlow */,
				9BC047D8C7104D639EC566A5 /* VeraFlowTests */,
				32EB0BB1D5B4409BA912FCC0 /* Products */,
			);
			sourceTree = "<group>";
		};
		2BA400BF34DF4EDE88082D97 /* VeraFlow */ = {
			isa = PBXGroup;
			children = (
				371F48D1F4EF4E3D9CFD40B2 /* VeraFlowApp.swift */,
				C176881DECCE495B9A522790 /* AppConstants.swift */,
				6829519FF4C34D049F8480C2 /* SettingsView.swift */,
				8FB68376C37D49208C900C99 /* LibraryViewModel.swift */,
				0D29871E5F964416AC8AA1FD /* LibraryView.swift */,
				1F827E09A3C74C95B3D555F4 /* RecordingDetailView.swift */,
				A9C7F58275944925860E5B93 /* ConsentReminderSheet.swift */,
				929BBC9C163C4EE693A6AFA4 /* RecorderView.swift */,
				02A660E7D6384742A9CA44D8 /* ExportSheet.swift */,
				877A0AEFA78A4A838192B707 /* MailComposeView.swift */,
				D4969403FBCA464AAE2D4361 /* PaywallSheet.swift */,
				5132CDDE5AAB494AB2E4D147 /* OnboardingView.swift */,
				B3BDC85D3C124BA7A6C85131 /* TimedWord.swift */,
				80C4C3B4A5D1467D8FFE0501 /* PipelineStage.swift */,
				411BA072145D4C73BC61C7A2 /* RecordingSource.swift */,
				245C47191DC84A1D8D5A35C4 /* TemplateID.swift */,
				63EC3A9133244985BE438332 /* TemplateOutputs.swift */,
				83DB5D748D21404A9DC3B1E5 /* Speaker.swift */,
				3A38C24DB354494698784FE3 /* Recording.swift */,
				31894B6646AD425DB128EFFD /* SummaryRecord.swift */,
				71C8BF48442B409F811848D5 /* Bookmark.swift */,
				C637537743674DE5A17F6A87 /* TranscriptSegment.swift */,
				0C02D0140A4B4429810F8BA7 /* DueDateResolver.swift */,
				0E7D469B4DE04F80914710F4 /* SummarizationService.swift */,
				8373AA58E2444E59BB639453 /* SpeechTranscriptionService.swift */,
				997E5BF1A29D46BA9ABD5EC8 /* ExportService.swift */,
				3B2C1DD78FC448EFB304E1B8 /* FluidDiarizationService.swift */,
				E266196AE65F481A940457D0 /* ParagraphingService.swift */,
				241DF9BA7CCA4E8E82A29072 /* KeychainStorage.swift */,
				16EF783DC7CC461EA4CF6701 /* AudioPlayerService.swift */,
				DE0207BA947B423E8D4E5727 /* CrashRecoveryService.swift */,
				BB5302D4B8544EA49915301C /* AudioImportService.swift */,
				9D47B7797B4B4F208297D385 /* AudioRecorderService.swift */,
				AB995545AB644CA8AF5FF3E0 /* StoreKitPurchaseService.swift */,
				1234932DEC794F29873C74C1 /* TranscriptAligner.swift */,
				7887129D355B4DD7A05AA96B /* CapabilityService.swift */,
				6307ABF96D7345CC86EA7FFC /* BiometricLockService.swift */,
				541706CE520445038237ACD6 /* ActionItemProcessor.swift */,
				CC37B0EC31EE43B792839F33 /* FakeAudioImportService.swift */,
				3BB5F74C410E4892AB189EEE /* PreviewData.swift */,
				9B952E8580C7424A90670FA7 /* FakeCapabilityService.swift */,
				85F45D8A679F46E9AAC159D6 /* FakeTranscriptAligner.swift */,
				909F8188F6B8439DB72B5A6A /* FakeSummarizationService.swift */,
				652F689743D74A47AADF2E7B /* FakeDueDateResolver.swift */,
				AC1248C36D714C4CBA470D71 /* FakeDiarizationService.swift */,
				3DF4A8AFD0BB4802A3E637CA /* FakeExportService.swift */,
				C11958AE2B364F4A8CA1CF45 /* FakePurchaseService.swift */,
				C01FB8874AB0481C81B4F9D9 /* FakeTranscriptionService.swift */,
				8DF7E972BA5345389CE1C106 /* FakeAudioRecorderService.swift */,
				F411FD53ECED422BB6411D72 /* FakePipelineCoordinator.swift */,
				44625C3A7550428AB7FC8D27 /* DueDateResolverProtocol.swift */,
				3725BF6E220445B4AA8097C4 /* PurchaseServiceProtocol.swift */,
				4535D931AE534876B4486681 /* AudioRecorderServiceProtocol.swift */,
				E19AF937C75649419F8D4CEC /* CapabilityServiceProtocol.swift */,
				788E1C6412A04430AA8A894C /* ExportServiceProtocol.swift */,
				5F030E6C9E1347CE9B80E7B2 /* SummarizationServiceProtocol.swift */,
				056ED4D466F84DEBA5C1E43E /* TranscriptAlignerProtocol.swift */,
				CD6F06734BB44B08B6B24361 /* DiarizationServiceProtocol.swift */,
				935C0A521F224CAA90A4C0FE /* PipelineCoordinatorProtocol.swift */,
				357E373E447C4D0FB9E99401 /* AudioImportServiceProtocol.swift */,
				93619CA72A5D419EA0669EEB /* TranscriptionServiceProtocol.swift */,
			);
			path = VeraFlow;
			sourceTree = "<group>";
		};
		9BC047D8C7104D639EC566A5 /* VeraFlowTests */ = {
			isa = PBXGroup;
			children = (
				4ED63A72791E45F1B69A050A /* AudioImportTests.swift */,
				2EC9A1034A5D4D70B887D083 /* DueDateResolverTests.swift */,
				B34F40D8607F4893849F0186 /* SummarizationTests.swift */,
				A3FB9A2FE2BD4959B0422029 /* TranscriptionTests.swift */,
				CB95129E72714F25BD2999CD /* ServiceFakesTests.swift */,
				C87681F2724044FBA443B98E /* NetworkPolicyTests.swift */,
				471A080EAAA44FEAB00BCEFA /* ExportTests.swift */,
				713E2FF0130A4CF3A91BF363 /* DataModelTests.swift */,
				61BDFAFBA8CF4142BDE4FA71 /* AudioRecordingTests.swift */,
				065156F29AE042EEA0AB6F60 /* CapabilityAndPrivacyTests.swift */,
				FC09DB3DF17B414C872417FE /* TranscriptAlignerTests.swift */,
				0B66F8F773C94C71A21B9B38 /* PurchaseTests.swift */,
			);
			path = VeraFlowTests;
			sourceTree = "<group>";
		};
		32EB0BB1D5B4409BA912FCC0 /* Products */ = {
			isa = PBXGroup;
			children = (
				B642544E14264777B1E0F873 /* VeraFlow.app */,
				E4799F99A8854F3A93CCB2E6 /* VeraFlowTests.xctest */,
			);
			name = Products;
			sourceTree = "<group>";
		};
/* End PBXGroup section */
/* Begin PBXNativeTarget section */
		1B6DD43A45FC4616906078DD /* VeraFlow */ = {
			isa = PBXNativeTarget;
			buildConfigurationList = 87A0F8BC967440668E337388 /* Build configuration list for PBXNativeTarget "VeraFlow" */;
			buildPhases = (
				6296E71BB38546B5B0A25C77 /* Sources */,
				7CE622D7350E45B0B8B62C10 /* Frameworks */,
			);
			buildRules = (
			);
			dependencies = (
			);
			name = VeraFlow;
			productName = VeraFlow;
			productReference = B642544E14264777B1E0F873 /* VeraFlow.app */;
			productType = "com.apple.product-type.application";
		};
		4EB6F96E7F4A4272A60C03B0 /* VeraFlowTests */ = {
			isa = PBXNativeTarget;
			buildConfigurationList = 5E54B5CF502C4038941FFC4F /* Build configuration list for PBXNativeTarget "VeraFlowTests" */;
			buildPhases = (
				60D91203F8B34395A2F3D534 /* Sources */,
				69E701E834BE4326860C3063 /* Frameworks */,
			);
			buildRules = (
			);
			dependencies = (
			);
			name = VeraFlowTests;
			productName = VeraFlowTests;
			productReference = E4799F99A8854F3A93CCB2E6 /* VeraFlowTests.xctest */;
			productType = "com.apple.product-type.bundle.unit-test";
		};
/* End PBXNativeTarget section */
/* Begin PBXProject section */
		43A81AE3DC6B47AFA06A0181 /* Project object */ = {
			isa = PBXProject;
			attributes = {
				BuildIndependentTargetsInParallel = 1;
				LastUpgradeCheck = 1600;
			};
			buildConfigurationList = 39253A10838F402AB6C32E1D /* Build configuration list for PBXProject "VeraFlow" */;
			compatibilityVersion = "Xcode 14.0";
			developmentRegion = en;
			hasScannedForEncodings = 0;
			knownRegions = (
				en,
				Base,
			);
			mainGroup = 7CA4EAE1701C4777AB17899B;
			productRefGroup = 32EB0BB1D5B4409BA912FCC0 /* Products */;
			projectDirPath = "";
			projectRoot = "";
			targets = (
				1B6DD43A45FC4616906078DD /* VeraFlow */,
				4EB6F96E7F4A4272A60C03B0 /* VeraFlowTests */,
			);
		};
/* End PBXProject section */
/* Begin PBXSourcesBuildPhase section */
		6296E71BB38546B5B0A25C77 /* Sources */ = {
			isa = PBXSourcesBuildPhase;
			buildActionMask = 2147483647;
			files = (
				9E2A75AC582B49AC95C9F3C1 /* VeraFlowApp.swift in Sources */,
				DC45BE3FB4A14677B316898D /* AppConstants.swift in Sources */,
				3EC5FB0320644810BCD26C41 /* SettingsView.swift in Sources */,
				286D23D580DD4CE8B230D560 /* LibraryViewModel.swift in Sources */,
				B84EA8951AF34A1DA2878928 /* LibraryView.swift in Sources */,
				E2042C99A6BB435DBF94E8FA /* RecordingDetailView.swift in Sources */,
				D843CD2E570E46989BD7A332 /* ConsentReminderSheet.swift in Sources */,
				A89F84A6A511414EACE7FEEC /* RecorderView.swift in Sources */,
				124E3CADF70F40FAB8675E0B /* ExportSheet.swift in Sources */,
				4C69C50CF3BC405A86BECED0 /* MailComposeView.swift in Sources */,
				CCC19B27B8334680B749EC02 /* PaywallSheet.swift in Sources */,
				A255DC9293F34578A35656B4 /* OnboardingView.swift in Sources */,
				410A218288FE47AAA5EACCC1 /* TimedWord.swift in Sources */,
				B44C639F083B4D96BAF4A08C /* PipelineStage.swift in Sources */,
				BD1889116AFC45588AC0A89A /* RecordingSource.swift in Sources */,
				103ABA593F004D44AED342BC /* TemplateID.swift in Sources */,
				B5723FB359244E358E6D33BF /* TemplateOutputs.swift in Sources */,
				FF6E09231F2049728D76FCF1 /* Speaker.swift in Sources */,
				CD3D5EFAFC6F4C92BCA0A62E /* Recording.swift in Sources */,
				5097CB289FA64C9E80B2A037 /* SummaryRecord.swift in Sources */,
				60F47F795CBD4AEB9321F76B /* Bookmark.swift in Sources */,
				442E6FE431284D6896304DE7 /* TranscriptSegment.swift in Sources */,
				2EB7A538F54F47638D2DE8C7 /* DueDateResolver.swift in Sources */,
				64A62EF4696148E697E76059 /* SummarizationService.swift in Sources */,
				40C7FB45349042649887F34B /* SpeechTranscriptionService.swift in Sources */,
				EF9773AD574E4842BF121237 /* ExportService.swift in Sources */,
				F80D79FB1929446BAB4DE554 /* FluidDiarizationService.swift in Sources */,
				E756675AFFCC4779B6C8E558 /* ParagraphingService.swift in Sources */,
				2F0E0C1E0CD4494498895FC6 /* KeychainStorage.swift in Sources */,
				D2B348F218B34F6695CB4211 /* AudioPlayerService.swift in Sources */,
				69276F6107BD4A02AB4DAB95 /* CrashRecoveryService.swift in Sources */,
				195F6FDBD2414E5FAA582453 /* AudioImportService.swift in Sources */,
				117166EA6F5C4DDDB971934F /* AudioRecorderService.swift in Sources */,
				5A5442942B7A455CBC800592 /* StoreKitPurchaseService.swift in Sources */,
				CADB18FAF6C04AD99B533E50 /* TranscriptAligner.swift in Sources */,
				F3B27B6B2A31499CA81937C7 /* CapabilityService.swift in Sources */,
				DC658A1ED7984E96BDDFE631 /* BiometricLockService.swift in Sources */,
				64A2DF0F08A64E7D8208C1CC /* ActionItemProcessor.swift in Sources */,
				ABA4C022D617446F84C71440 /* FakeAudioImportService.swift in Sources */,
				88636DD4F2BF41FDA40AB55E /* PreviewData.swift in Sources */,
				408032FA98844FCF90470CCF /* FakeCapabilityService.swift in Sources */,
				5BDDA702485D4003AFC8AB9A /* FakeTranscriptAligner.swift in Sources */,
				A33F36F038364D69B8A50707 /* FakeSummarizationService.swift in Sources */,
				D6F86814EB2C41AF8AE3EFEF /* FakeDueDateResolver.swift in Sources */,
				26277589486A4A21A8C7679C /* FakeDiarizationService.swift in Sources */,
				239A4C30A6A34EE59DB95187 /* FakeExportService.swift in Sources */,
				CFBEDE8A904648179FCAEF40 /* FakePurchaseService.swift in Sources */,
				8979D845CB5D40F7B1208155 /* FakeTranscriptionService.swift in Sources */,
				127628B5FB83409A8EDD4CD4 /* FakeAudioRecorderService.swift in Sources */,
				A155D4C8796448D49153EB46 /* FakePipelineCoordinator.swift in Sources */,
				79739D85B17042E1AA829290 /* DueDateResolverProtocol.swift in Sources */,
				7F00CA35B29C4973834DE45D /* PurchaseServiceProtocol.swift in Sources */,
				07CA983F70C44D0491D20BDE /* AudioRecorderServiceProtocol.swift in Sources */,
				EF2C9533BB624F8981A35BC5 /* CapabilityServiceProtocol.swift in Sources */,
				9EBC37543C964FBEBEF6712D /* ExportServiceProtocol.swift in Sources */,
				C8082953757B4E1B96A3836D /* SummarizationServiceProtocol.swift in Sources */,
				BB0B4CA955584E2D9E8A113F /* TranscriptAlignerProtocol.swift in Sources */,
				A068A766520C449792C51748 /* DiarizationServiceProtocol.swift in Sources */,
				3D46AE6C1FE34746BC538365 /* PipelineCoordinatorProtocol.swift in Sources */,
				CE9B70E06DA74FE48E30A73A /* AudioImportServiceProtocol.swift in Sources */,
				D8428159E5EF4E2BA35E6898 /* TranscriptionServiceProtocol.swift in Sources */,
			);
			runOnlyForDeploymentPostprocessing = 0;
		};
		60D91203F8B34395A2F3D534 /* Sources */ = {
			isa = PBXSourcesBuildPhase;
			buildActionMask = 2147483647;
			files = (
				48625FC179234E72B291B486 /* AudioImportTests.swift in Sources */,
				8295945B0C094EE0B61183E5 /* DueDateResolverTests.swift in Sources */,
				0B9E94AEE3044DA8988B6536 /* SummarizationTests.swift in Sources */,
				A3070FDA46A346C09B4BD207 /* TranscriptionTests.swift in Sources */,
				D207CC61F0C14DE884470E20 /* ServiceFakesTests.swift in Sources */,
				2E8A29092E7C4BB686856C6E /* NetworkPolicyTests.swift in Sources */,
				7901D62268BF4CE4B80CF4E7 /* ExportTests.swift in Sources */,
				416E769529AA4084B570EF8A /* DataModelTests.swift in Sources */,
				49AB6F380C5E4957A21B4E0D /* AudioRecordingTests.swift in Sources */,
				8326FC49A94A450086D62239 /* CapabilityAndPrivacyTests.swift in Sources */,
				3DD0E7BA17B44F3BBBE58D30 /* TranscriptAlignerTests.swift in Sources */,
				182C3F32577049B49719BC46 /* PurchaseTests.swift in Sources */,
			);
			runOnlyForDeploymentPostprocessing = 0;
		};
/* End PBXSourcesBuildPhase section */
/* Begin XCBuildConfiguration section */
		99126C30E1184FEDACE7E679 /* Debug */ = {
			isa = XCBuildConfiguration;
			buildSettings = {
				ALWAYS_SEARCH_USER_PATHS = NO;
				CLANG_ENABLE_MODULES = YES;
				ENABLE_TESTABILITY = YES;
				IPHONEOS_DEPLOYMENT_TARGET = 26.0;
				SDKROOT = iphoneos;
				SWIFT_STRICT_CONCURRENCY = complete;
				SWIFT_VERSION = 6.0;
			};
			name = Debug;
		};
		5D3CE212876348B1A610FAF2 /* Release */ = {
			isa = XCBuildConfiguration;
			buildSettings = {
				ALWAYS_SEARCH_USER_PATHS = NO;
				CLANG_ENABLE_MODULES = YES;
				IPHONEOS_DEPLOYMENT_TARGET = 26.0;
				SDKROOT = iphoneos;
				SWIFT_STRICT_CONCURRENCY = complete;
				SWIFT_VERSION = 6.0;
			};
			name = Release;
		};
		785FC51C978B4603BF921A57 /* Debug */ = {
			isa = XCBuildConfiguration;
			buildSettings = {
				ASSETCATALOG_COMPILER_APPICON_NAME = AppIcon;
				CURRENT_PROJECT_VERSION = 1;
				GENERATE_INFOPLIST_FILE = YES;
				INFOPLIST_KEY_CFBundleDisplayName = VeraFlow;
				INFOPLIST_KEY_NSMicrophoneUsageDescription = "VeraFlow records meetings and audio locally on your iPhone. Audio never leaves your device.";
				INFOPLIST_KEY_UIBackgroundModes = audio;
				MARKETING_VERSION = 1.0;
				PRODUCT_BUNDLE_IDENTIFIER = com.veraflow.app;
				PRODUCT_NAME = "$(TARGET_NAME)";
				SWIFT_OPTIMIZATION_LEVEL = "-Onone";
			};
			name = Debug;
		};
		2A206841081C4D77964E58F1 /* Release */ = {
			isa = XCBuildConfiguration;
			buildSettings = {
				ASSETCATALOG_COMPILER_APPICON_NAME = AppIcon;
				CURRENT_PROJECT_VERSION = 1;
				GENERATE_INFOPLIST_FILE = YES;
				INFOPLIST_KEY_CFBundleDisplayName = VeraFlow;
				INFOPLIST_KEY_NSMicrophoneUsageDescription = "VeraFlow records meetings and audio locally on your iPhone. Audio never leaves your device.";
				INFOPLIST_KEY_UIBackgroundModes = audio;
				MARKETING_VERSION = 1.0;
				PRODUCT_BUNDLE_IDENTIFIER = com.veraflow.app;
				PRODUCT_NAME = "$(TARGET_NAME)";
			};
			name = Release;
		};
		546D0EEF01294356A6EB391B /* Debug */ = {
			isa = XCBuildConfiguration;
			buildSettings = {
				BUNDLE_LOADER = "$(TEST_HOST)";
				GENERATE_INFOPLIST_FILE = YES;
				PRODUCT_BUNDLE_IDENTIFIER = com.veraflow.VeraFlowTests;
				PRODUCT_NAME = "$(TARGET_NAME)";
				TEST_HOST = "$(BUILT_PRODUCTS_DIR)/VeraFlow.app/$(BUNDLE_EXECUTABLE_FOLDER_PATH)/VeraFlow";
			};
			name = Debug;
		};
		CAEE4E03D2EE4252982E813D /* Release */ = {
			isa = XCBuildConfiguration;
			buildSettings = {
				BUNDLE_LOADER = "$(TEST_HOST)";
				GENERATE_INFOPLIST_FILE = YES;
				PRODUCT_BUNDLE_IDENTIFIER = com.veraflow.VeraFlowTests;
				PRODUCT_NAME = "$(TARGET_NAME)";
				TEST_HOST = "$(BUILT_PRODUCTS_DIR)/VeraFlow.app/$(BUNDLE_EXECUTABLE_FOLDER_PATH)/VeraFlow";
			};
			name = Release;
		};
/* End XCBuildConfiguration section */
/* Begin XCConfigurationList section */
		39253A10838F402AB6C32E1D /* Build configuration list for PBXProject "VeraFlow" */ = {
			isa = XCConfigurationList;
			buildConfigurations = (
				99126C30E1184FEDACE7E679 /* Debug */,
				5D3CE212876348B1A610FAF2 /* Release */,
			);
			defaultConfigurationIsVisible = 0;
			defaultConfigurationName = Release;
		};
		87A0F8BC967440668E337388 /* Build configuration list for PBXNativeTarget "VeraFlow" */ = {
			isa = XCConfigurationList;
			buildConfigurations = (
				785FC51C978B4603BF921A57 /* Debug */,
				2A206841081C4D77964E58F1 /* Release */,
			);
			defaultConfigurationIsVisible = 0;
			defaultConfigurationName = Release;
		};
		5E54B5CF502C4038941FFC4F /* Build configuration list for PBXNativeTarget "VeraFlowTests" */ = {
			isa = XCConfigurationList;
			buildConfigurations = (
				546D0EEF01294356A6EB391B /* Debug */,
				CAEE4E03D2EE4252982E813D /* Release */,
			);
			defaultConfigurationIsVisible = 0;
			defaultConfigurationName = Release;
		};
/* End XCConfigurationList section */
	};
	rootObject = 43A81AE3DC6B47AFA06A0181 /* Project object */;
}
