// !$*UTF8*$!
{
	archiveVersion = 1;
	classes = {
	};
	objectVersion = 60;
	objects = {
/* Begin PBXBuildFile section */
		DCCE7743AA134A1CAAA9CC3F /* VeraFlowApp.swift in Sources */ = {isa = PBXBuildFile; fileRef = 1D7705AAED59418482F9A801 /* VeraFlowApp.swift */; };
		F984184213CA450BA34F357A /* AppConstants.swift in Sources */ = {isa = PBXBuildFile; fileRef = F84B3F9969E244D68EC61DC8 /* AppConstants.swift */; };
		EEEB821B4D784A4FA0B1EC31 /* SettingsView.swift in Sources */ = {isa = PBXBuildFile; fileRef = BD0D2F594CD54B05A35B494A /* SettingsView.swift */; };
		BB9F8C855ADD4817945A5863 /* LibraryViewModel.swift in Sources */ = {isa = PBXBuildFile; fileRef = 85A47A676D4A491EBABAB1BB /* LibraryViewModel.swift */; };
		4D6400F09CA544E59A362D06 /* LibraryView.swift in Sources */ = {isa = PBXBuildFile; fileRef = FF63111B3A4D4682ABA13D84 /* LibraryView.swift */; };
		BF0E2BE907BC470AA80DCC46 /* RecordingDetailView.swift in Sources */ = {isa = PBXBuildFile; fileRef = 177976CC6EBD41E6B3642EFD /* RecordingDetailView.swift */; };
		BFE40C91EB2E4C0491863F06 /* RecorderView.swift in Sources */ = {isa = PBXBuildFile; fileRef = DE8098C5999A4D019B04FF3F /* RecorderView.swift */; };
		94BF944B5DAD44CE982E3FC1 /* TimedWord.swift in Sources */ = {isa = PBXBuildFile; fileRef = 07DDE9D7361C4486929CD345 /* TimedWord.swift */; };
		9B9A237AC6E240A099264723 /* PipelineStage.swift in Sources */ = {isa = PBXBuildFile; fileRef = 3117D951871042F595116CA5 /* PipelineStage.swift */; };
		935D151B5B9F4BC482576945 /* RecordingSource.swift in Sources */ = {isa = PBXBuildFile; fileRef = B9C06E1AAB9343ECBC5F733A /* RecordingSource.swift */; };
		00F85A30CBB74C60A6A93092 /* TemplateID.swift in Sources */ = {isa = PBXBuildFile; fileRef = 8A8FF333F9524792AA265857 /* TemplateID.swift */; };
		65DA9502D9BC4F75A4F25F9A /* Speaker.swift in Sources */ = {isa = PBXBuildFile; fileRef = DBFEB8FA1B3F482D92948038 /* Speaker.swift */; };
		4D858AC20EB04E7A8B9F63B0 /* Recording.swift in Sources */ = {isa = PBXBuildFile; fileRef = 92ACE032007C4B139DD1DEE4 /* Recording.swift */; };
		6E9D88F4066A4524981D2650 /* SummaryRecord.swift in Sources */ = {isa = PBXBuildFile; fileRef = CA86A465E1DF4C7794CB7303 /* SummaryRecord.swift */; };
		DFDCADC0B51A4DB6A1CE37B0 /* Bookmark.swift in Sources */ = {isa = PBXBuildFile; fileRef = B35CFDF4FD714271B6767DCB /* Bookmark.swift */; };
		2965913169D4435CA6F31402 /* TranscriptSegment.swift in Sources */ = {isa = PBXBuildFile; fileRef = 734567D3113E43EE92805B58 /* TranscriptSegment.swift */; };
		5676C6E024FB48A3820995D6 /* SpeechTranscriptionService.swift in Sources */ = {isa = PBXBuildFile; fileRef = 975C20CCE2564A46866E0CB8 /* SpeechTranscriptionService.swift */; };
		6FF9BB8333214235A3E293A1 /* FluidDiarizationService.swift in Sources */ = {isa = PBXBuildFile; fileRef = 137848A4BCC14C4C9916387F /* FluidDiarizationService.swift */; };
		4E4FD7B9F003409988814D70 /* ParagraphingService.swift in Sources */ = {isa = PBXBuildFile; fileRef = 694AB37502CC4DDB891717EE /* ParagraphingService.swift */; };
		2F6989D5F9EA4ECFB6345CC2 /* AudioPlayerService.swift in Sources */ = {isa = PBXBuildFile; fileRef = CC0E3F499BCE4D34B4FFA239 /* AudioPlayerService.swift */; };
		D114D57C3DEB47CD89807B7F /* CrashRecoveryService.swift in Sources */ = {isa = PBXBuildFile; fileRef = 9DBA184337EE4FB9A6112BAA /* CrashRecoveryService.swift */; };
		7FD21A53E25D4B93ABBC22BD /* AudioImportService.swift in Sources */ = {isa = PBXBuildFile; fileRef = E3898EC28BB942EDBB7188EF /* AudioImportService.swift */; };
		55174E0818BA4993AAA7958E /* AudioRecorderService.swift in Sources */ = {isa = PBXBuildFile; fileRef = 46D2C6DA6B2345F8A88076E6 /* AudioRecorderService.swift */; };
		8830DE94F0C94FDB97951FB3 /* TranscriptAligner.swift in Sources */ = {isa = PBXBuildFile; fileRef = 0AFD466B8216471EB071CD51 /* TranscriptAligner.swift */; };
		A93C75FE22E1486096B27319 /* FakeAudioImportService.swift in Sources */ = {isa = PBXBuildFile; fileRef = 6660806107984E1DA975ADD6 /* FakeAudioImportService.swift */; };
		739BA148785C4D8C8CF5D199 /* PreviewData.swift in Sources */ = {isa = PBXBuildFile; fileRef = 6E76DD87584C454C8AA056FA /* PreviewData.swift */; };
		01BDEB3364BC4C58AD9F7F18 /* FakeCapabilityService.swift in Sources */ = {isa = PBXBuildFile; fileRef = F531C45A92AF4575BDECCDCA /* FakeCapabilityService.swift */; };
		D2F76DF2135E499785977126 /* FakeTranscriptAligner.swift in Sources */ = {isa = PBXBuildFile; fileRef = 1C67F5A1B48C4F8F875834AC /* FakeTranscriptAligner.swift */; };
		92BA4B3C057C4B979819EC48 /* FakeSummarizationService.swift in Sources */ = {isa = PBXBuildFile; fileRef = 3B4CCF0A5122462CAE26CF40 /* FakeSummarizationService.swift */; };
		7F9F31A1A6EF44BB9737BC60 /* FakeDueDateResolver.swift in Sources */ = {isa = PBXBuildFile; fileRef = 151C0A7C196D420C9AF6F694 /* FakeDueDateResolver.swift */; };
		80049FED1EC34ADFB73D308E /* FakeDiarizationService.swift in Sources */ = {isa = PBXBuildFile; fileRef = 6E04C338E8AC42B4BE09A491 /* FakeDiarizationService.swift */; };
		D7A36BD4A97C4B43B257FE6F /* FakeExportService.swift in Sources */ = {isa = PBXBuildFile; fileRef = ACE9B7398B9643F2B78FBFCA /* FakeExportService.swift */; };
		B904C94CA32B4A6B8FC14455 /* FakePurchaseService.swift in Sources */ = {isa = PBXBuildFile; fileRef = C4FC46E376E84945A6B336CD /* FakePurchaseService.swift */; };
		F3AD05D6183846438B50E8FC /* FakeTranscriptionService.swift in Sources */ = {isa = PBXBuildFile; fileRef = 0B605BD7698545D997A249E6 /* FakeTranscriptionService.swift */; };
		0C026A06361A485D862B196B /* FakeAudioRecorderService.swift in Sources */ = {isa = PBXBuildFile; fileRef = 16A16625FF2A4F31B1B84EEB /* FakeAudioRecorderService.swift */; };
		7BDFED99845C4D8DAD5FE5AD /* FakePipelineCoordinator.swift in Sources */ = {isa = PBXBuildFile; fileRef = 59173A47F1424CFD8C127C6C /* FakePipelineCoordinator.swift */; };
		0BB99860B83F4B938695B876 /* DueDateResolverProtocol.swift in Sources */ = {isa = PBXBuildFile; fileRef = 127C22909A4F4F7992A086EA /* DueDateResolverProtocol.swift */; };
		1C1488595CC3437F9C1D5AA0 /* PurchaseServiceProtocol.swift in Sources */ = {isa = PBXBuildFile; fileRef = 5FAF0AB0B3184E828363CF5F /* PurchaseServiceProtocol.swift */; };
		4B8C07BB378C46998B8431B8 /* AudioRecorderServiceProtocol.swift in Sources */ = {isa = PBXBuildFile; fileRef = FBC0983A2D71461A8B0185C0 /* AudioRecorderServiceProtocol.swift */; };
		CE861E8CB1014B84A9115359 /* CapabilityServiceProtocol.swift in Sources */ = {isa = PBXBuildFile; fileRef = F545F79EBBE04119863B2A83 /* CapabilityServiceProtocol.swift */; };
		334FEDFA503B44ACAC094A2A /* ExportServiceProtocol.swift in Sources */ = {isa = PBXBuildFile; fileRef = 264DB01F6A0D4F9FB85CFF8B /* ExportServiceProtocol.swift */; };
		20A2EDAD6B2B4F27B07ACDFD /* SummarizationServiceProtocol.swift in Sources */ = {isa = PBXBuildFile; fileRef = 2810778CC61F4E978881320C /* SummarizationServiceProtocol.swift */; };
		B71626B38C884800A9E14CCD /* TranscriptAlignerProtocol.swift in Sources */ = {isa = PBXBuildFile; fileRef = 1ED9CEC49BA640B7A53C16CC /* TranscriptAlignerProtocol.swift */; };
		F4E2AA1AC9944DCBB1C1FFA9 /* DiarizationServiceProtocol.swift in Sources */ = {isa = PBXBuildFile; fileRef = E15F3CCDBCE741F2970F6181 /* DiarizationServiceProtocol.swift */; };
		E279CE666FEA401CBFF2B723 /* PipelineCoordinatorProtocol.swift in Sources */ = {isa = PBXBuildFile; fileRef = 03F8851353C04D9487E3CC59 /* PipelineCoordinatorProtocol.swift */; };
		5F7A00425EA2475D9A0E54A7 /* AudioImportServiceProtocol.swift in Sources */ = {isa = PBXBuildFile; fileRef = B0BCBB7C66094262B53E18A1 /* AudioImportServiceProtocol.swift */; };
		3B1CBE68149245C6AC315DEE /* TranscriptionServiceProtocol.swift in Sources */ = {isa = PBXBuildFile; fileRef = 85958305ACFA4EEABA3D89C9 /* TranscriptionServiceProtocol.swift */; };
		BA18122EF97442EF97AB47BA /* AudioImportTests.swift in Sources */ = {isa = PBXBuildFile; fileRef = 8D4171A73F984340A81E2CD5 /* AudioImportTests.swift */; };
		45EAA5E688234C7EAB379B5F /* TranscriptionTests.swift in Sources */ = {isa = PBXBuildFile; fileRef = 14963F1E256540D084B74E47 /* TranscriptionTests.swift */; };
		9FBCD277C75C45F385914ADE /* ServiceFakesTests.swift in Sources */ = {isa = PBXBuildFile; fileRef = E52E4BDF6A3A402DB7964511 /* ServiceFakesTests.swift */; };
		3AD7869E87D0419AB095CE92 /* NetworkPolicyTests.swift in Sources */ = {isa = PBXBuildFile; fileRef = 274D7FA45FE14C9A89BF91FC /* NetworkPolicyTests.swift */; };
		108D92339BD64EA4A7F0249F /* DataModelTests.swift in Sources */ = {isa = PBXBuildFile; fileRef = 46CFBEE6F23E44A2B12F5C8D /* DataModelTests.swift */; };
		E2F0746335FF435CBB37C080 /* AudioRecordingTests.swift in Sources */ = {isa = PBXBuildFile; fileRef = 691E64247FE24002A3948B57 /* AudioRecordingTests.swift */; };
		FB3FF0820D8F47CE91434AF5 /* TranscriptAlignerTests.swift in Sources */ = {isa = PBXBuildFile; fileRef = 8032A7188A0C4EBA8E153CF1 /* TranscriptAlignerTests.swift */; };
/* End PBXBuildFile section */
/* Begin PBXFileReference section */
		4701952D0CC84CAD9AD75F2C /* VeraFlow.app */ = {isa = PBXFileReference; explicitFileType = wrapper.application; includeInIndex = 0; path = VeraFlow.app; sourceTree = BUILT_PRODUCTS_DIR; };
		8FE5EC4A81D34AE49E1EA639 /* VeraFlowTests.xctest */ = {isa = PBXFileReference; explicitFileType = wrapper.cfbundle; includeInIndex = 0; path = VeraFlowTests.xctest; sourceTree = BUILT_PRODUCTS_DIR; };
		1D7705AAED59418482F9A801 /* VeraFlowApp.swift */ = {isa = PBXFileReference; lastKnownFileType = sourcecode.swift; name = "VeraFlowApp.swift"; path = "VeraFlow/App/VeraFlowApp.swift"; sourceTree = "<group>"; };
		F84B3F9969E244D68EC61DC8 /* AppConstants.swift */ = {isa = PBXFileReference; lastKnownFileType = sourcecode.swift; name = "AppConstants.swift"; path = "VeraFlow/App/AppConstants.swift"; sourceTree = "<group>"; };
		BD0D2F594CD54B05A35B494A /* SettingsView.swift */ = {isa = PBXFileReference; lastKnownFileType = sourcecode.swift; name = "SettingsView.swift"; path = "VeraFlow/Features/Settings/SettingsView.swift"; sourceTree = "<group>"; };
		85A47A676D4A491EBABAB1BB /* LibraryViewModel.swift */ = {isa = PBXFileReference; lastKnownFileType = sourcecode.swift; name = "LibraryViewModel.swift"; path = "VeraFlow/Features/Library/LibraryViewModel.swift"; sourceTree = "<group>"; };
		FF63111B3A4D4682ABA13D84 /* LibraryView.swift */ = {isa = PBXFileReference; lastKnownFileType = sourcecode.swift; name = "LibraryView.swift"; path = "VeraFlow/Features/Library/LibraryView.swift"; sourceTree = "<group>"; };
		177976CC6EBD41E6B3642EFD /* RecordingDetailView.swift */ = {isa = PBXFileReference; lastKnownFileType = sourcecode.swift; name = "RecordingDetailView.swift"; path = "VeraFlow/Features/RecordingDetail/RecordingDetailView.swift"; sourceTree = "<group>"; };
		DE8098C5999A4D019B04FF3F /* RecorderView.swift */ = {isa = PBXFileReference; lastKnownFileType = sourcecode.swift; name = "RecorderView.swift"; path = "VeraFlow/Features/Recorder/RecorderView.swift"; sourceTree = "<group>"; };
		07DDE9D7361C4486929CD345 /* TimedWord.swift */ = {isa = PBXFileReference; lastKnownFileType = sourcecode.swift; name = "TimedWord.swift"; path = "VeraFlow/Data/Types/TimedWord.swift"; sourceTree = "<group>"; };
		3117D951871042F595116CA5 /* PipelineStage.swift */ = {isa = PBXFileReference; lastKnownFileType = sourcecode.swift; name = "PipelineStage.swift"; path = "VeraFlow/Data/Types/PipelineStage.swift"; sourceTree = "<group>"; };
		B9C06E1AAB9343ECBC5F733A /* RecordingSource.swift */ = {isa = PBXFileReference; lastKnownFileType = sourcecode.swift; name = "RecordingSource.swift"; path = "VeraFlow/Data/Types/RecordingSource.swift"; sourceTree = "<group>"; };
		8A8FF333F9524792AA265857 /* TemplateID.swift */ = {isa = PBXFileReference; lastKnownFileType = sourcecode.swift; name = "TemplateID.swift"; path = "VeraFlow/Data/Types/TemplateID.swift"; sourceTree = "<group>"; };
		DBFEB8FA1B3F482D92948038 /* Speaker.swift */ = {isa = PBXFileReference; lastKnownFileType = sourcecode.swift; name = "Speaker.swift"; path = "VeraFlow/Data/Models/Speaker.swift"; sourceTree = "<group>"; };
		92ACE032007C4B139DD1DEE4 /* Recording.swift */ = {isa = PBXFileReference; lastKnownFileType = sourcecode.swift; name = "Recording.swift"; path = "VeraFlow/Data/Models/Recording.swift"; sourceTree = "<group>"; };
		CA86A465E1DF4C7794CB7303 /* SummaryRecord.swift */ = {isa = PBXFileReference; lastKnownFileType = sourcecode.swift; name = "SummaryRecord.swift"; path = "VeraFlow/Data/Models/SummaryRecord.swift"; sourceTree = "<group>"; };
		B35CFDF4FD714271B6767DCB /* Bookmark.swift */ = {isa = PBXFileReference; lastKnownFileType = sourcecode.swift; name = "Bookmark.swift"; path = "VeraFlow/Data/Models/Bookmark.swift"; sourceTree = "<group>"; };
		734567D3113E43EE92805B58 /* TranscriptSegment.swift */ = {isa = PBXFileReference; lastKnownFileType = sourcecode.swift; name = "TranscriptSegment.swift"; path = "VeraFlow/Data/Models/TranscriptSegment.swift"; sourceTree = "<group>"; };
		975C20CCE2564A46866E0CB8 /* SpeechTranscriptionService.swift */ = {isa = PBXFileReference; lastKnownFileType = sourcecode.swift; name = "SpeechTranscriptionService.swift"; path = "VeraFlow/Services/SpeechTranscriptionService.swift"; sourceTree = "<group>"; };
		137848A4BCC14C4C9916387F /* FluidDiarizationService.swift */ = {isa = PBXFileReference; lastKnownFileType = sourcecode.swift; name = "FluidDiarizationService.swift"; path = "VeraFlow/Services/FluidDiarizationService.swift"; sourceTree = "<group>"; };
		694AB37502CC4DDB891717EE /* ParagraphingService.swift */ = {isa = PBXFileReference; lastKnownFileType = sourcecode.swift; name = "ParagraphingService.swift"; path = "VeraFlow/Services/ParagraphingService.swift"; sourceTree = "<group>"; };
		CC0E3F499BCE4D34B4FFA239 /* AudioPlayerService.swift */ = {isa = PBXFileReference; lastKnownFileType = sourcecode.swift; name = "AudioPlayerService.swift"; path = "VeraFlow/Services/AudioPlayerService.swift"; sourceTree = "<group>"; };
		9DBA184337EE4FB9A6112BAA /* CrashRecoveryService.swift */ = {isa = PBXFileReference; lastKnownFileType = sourcecode.swift; name = "CrashRecoveryService.swift"; path = "VeraFlow/Services/CrashRecoveryService.swift"; sourceTree = "<group>"; };
		E3898EC28BB942EDBB7188EF /* AudioImportService.swift */ = {isa = PBXFileReference; lastKnownFileType = sourcecode.swift; name = "AudioImportService.swift"; path = "VeraFlow/Services/AudioImportService.swift"; sourceTree = "<group>"; };
		46D2C6DA6B2345F8A88076E6 /* AudioRecorderService.swift */ = {isa = PBXFileReference; lastKnownFileType = sourcecode.swift; name = "AudioRecorderService.swift"; path = "VeraFlow/Services/AudioRecorderService.swift"; sourceTree = "<group>"; };
		0AFD466B8216471EB071CD51 /* TranscriptAligner.swift */ = {isa = PBXFileReference; lastKnownFileType = sourcecode.swift; name = "TranscriptAligner.swift"; path = "VeraFlow/Services/TranscriptAligner.swift"; sourceTree = "<group>"; };
		6660806107984E1DA975ADD6 /* FakeAudioImportService.swift */ = {isa = PBXFileReference; lastKnownFileType = sourcecode.swift; name = "FakeAudioImportService.swift"; path = "VeraFlow/Services/Fakes/FakeAudioImportService.swift"; sourceTree = "<group>"; };
		6E76DD87584C454C8AA056FA /* PreviewData.swift */ = {isa = PBXFileReference; lastKnownFileType = sourcecode.swift; name = "PreviewData.swift"; path = "VeraFlow/Services/Fakes/PreviewData.swift"; sourceTree = "<group>"; };
		F531C45A92AF4575BDECCDCA /* FakeCapabilityService.swift */ = {isa = PBXFileReference; lastKnownFileType = sourcecode.swift; name = "FakeCapabilityService.swift"; path = "VeraFlow/Services/Fakes/FakeCapabilityService.swift"; sourceTree = "<group>"; };
		1C67F5A1B48C4F8F875834AC /* FakeTranscriptAligner.swift */ = {isa = PBXFileReference; lastKnownFileType = sourcecode.swift; name = "FakeTranscriptAligner.swift"; path = "VeraFlow/Services/Fakes/FakeTranscriptAligner.swift"; sourceTree = "<group>"; };
		3B4CCF0A5122462CAE26CF40 /* FakeSummarizationService.swift */ = {isa = PBXFileReference; lastKnownFileType = sourcecode.swift; name = "FakeSummarizationService.swift"; path = "VeraFlow/Services/Fakes/FakeSummarizationService.swift"; sourceTree = "<group>"; };
		151C0A7C196D420C9AF6F694 /* FakeDueDateResolver.swift */ = {isa = PBXFileReference; lastKnownFileType = sourcecode.swift; name = "FakeDueDateResolver.swift"; path = "VeraFlow/Services/Fakes/FakeDueDateResolver.swift"; sourceTree = "<group>"; };
		6E04C338E8AC42B4BE09A491 /* FakeDiarizationService.swift */ = {isa = PBXFileReference; lastKnownFileType = sourcecode.swift; name = "FakeDiarizationService.swift"; path = "VeraFlow/Services/Fakes/FakeDiarizationService.swift"; sourceTree = "<group>"; };
		ACE9B7398B9643F2B78FBFCA /* FakeExportService.swift */ = {isa = PBXFileReference; lastKnownFileType = sourcecode.swift; name = "FakeExportService.swift"; path = "VeraFlow/Services/Fakes/FakeExportService.swift"; sourceTree = "<group>"; };
		C4FC46E376E84945A6B336CD /* FakePurchaseService.swift */ = {isa = PBXFileReference; lastKnownFileType = sourcecode.swift; name = "FakePurchaseService.swift"; path = "VeraFlow/Services/Fakes/FakePurchaseService.swift"; sourceTree = "<group>"; };
		0B605BD7698545D997A249E6 /* FakeTranscriptionService.swift */ = {isa = PBXFileReference; lastKnownFileType = sourcecode.swift; name = "FakeTranscriptionService.swift"; path = "VeraFlow/Services/Fakes/FakeTranscriptionService.swift"; sourceTree = "<group>"; };
		16A16625FF2A4F31B1B84EEB /* FakeAudioRecorderService.swift */ = {isa = PBXFileReference; lastKnownFileType = sourcecode.swift; name = "FakeAudioRecorderService.swift"; path = "VeraFlow/Services/Fakes/FakeAudioRecorderService.swift"; sourceTree = "<group>"; };
		59173A47F1424CFD8C127C6C /* FakePipelineCoordinator.swift */ = {isa = PBXFileReference; lastKnownFileType = sourcecode.swift; name = "FakePipelineCoordinator.swift"; path = "VeraFlow/Services/Fakes/FakePipelineCoordinator.swift"; sourceTree = "<group>"; };
		127C22909A4F4F7992A086EA /* DueDateResolverProtocol.swift */ = {isa = PBXFileReference; lastKnownFileType = sourcecode.swift; name = "DueDateResolverProtocol.swift"; path = "VeraFlow/Services/Protocols/DueDateResolverProtocol.swift"; sourceTree = "<group>"; };
		5FAF0AB0B3184E828363CF5F /* PurchaseServiceProtocol.swift */ = {isa = PBXFileReference; lastKnownFileType = sourcecode.swift; name = "PurchaseServiceProtocol.swift"; path = "VeraFlow/Services/Protocols/PurchaseServiceProtocol.swift"; sourceTree = "<group>"; };
		FBC0983A2D71461A8B0185C0 /* AudioRecorderServiceProtocol.swift */ = {isa = PBXFileReference; lastKnownFileType = sourcecode.swift; name = "AudioRecorderServiceProtocol.swift"; path = "VeraFlow/Services/Protocols/AudioRecorderServiceProtocol.swift"; sourceTree = "<group>"; };
		F545F79EBBE04119863B2A83 /* CapabilityServiceProtocol.swift */ = {isa = PBXFileReference; lastKnownFileType = sourcecode.swift; name = "CapabilityServiceProtocol.swift"; path = "VeraFlow/Services/Protocols/CapabilityServiceProtocol.swift"; sourceTree = "<group>"; };
		264DB01F6A0D4F9FB85CFF8B /* ExportServiceProtocol.swift */ = {isa = PBXFileReference; lastKnownFileType = sourcecode.swift; name = "ExportServiceProtocol.swift"; path = "VeraFlow/Services/Protocols/ExportServiceProtocol.swift"; sourceTree = "<group>"; };
		2810778CC61F4E978881320C /* SummarizationServiceProtocol.swift */ = {isa = PBXFileReference; lastKnownFileType = sourcecode.swift; name = "SummarizationServiceProtocol.swift"; path = "VeraFlow/Services/Protocols/SummarizationServiceProtocol.swift"; sourceTree = "<group>"; };
		1ED9CEC49BA640B7A53C16CC /* TranscriptAlignerProtocol.swift */ = {isa = PBXFileReference; lastKnownFileType = sourcecode.swift; name = "TranscriptAlignerProtocol.swift"; path = "VeraFlow/Services/Protocols/TranscriptAlignerProtocol.swift"; sourceTree = "<group>"; };
		E15F3CCDBCE741F2970F6181 /* DiarizationServiceProtocol.swift */ = {isa = PBXFileReference; lastKnownFileType = sourcecode.swift; name = "DiarizationServiceProtocol.swift"; path = "VeraFlow/Services/Protocols/DiarizationServiceProtocol.swift"; sourceTree = "<group>"; };
		03F8851353C04D9487E3CC59 /* PipelineCoordinatorProtocol.swift */ = {isa = PBXFileReference; lastKnownFileType = sourcecode.swift; name = "PipelineCoordinatorProtocol.swift"; path = "VeraFlow/Services/Protocols/PipelineCoordinatorProtocol.swift"; sourceTree = "<group>"; };
		B0BCBB7C66094262B53E18A1 /* AudioImportServiceProtocol.swift */ = {isa = PBXFileReference; lastKnownFileType = sourcecode.swift; name = "AudioImportServiceProtocol.swift"; path = "VeraFlow/Services/Protocols/AudioImportServiceProtocol.swift"; sourceTree = "<group>"; };
		85958305ACFA4EEABA3D89C9 /* TranscriptionServiceProtocol.swift */ = {isa = PBXFileReference; lastKnownFileType = sourcecode.swift; name = "TranscriptionServiceProtocol.swift"; path = "VeraFlow/Services/Protocols/TranscriptionServiceProtocol.swift"; sourceTree = "<group>"; };
		8D4171A73F984340A81E2CD5 /* AudioImportTests.swift */ = {isa = PBXFileReference; lastKnownFileType = sourcecode.swift; name = "AudioImportTests.swift"; path = "VeraFlowTests/AudioImportTests.swift"; sourceTree = "<group>"; };
		14963F1E256540D084B74E47 /* TranscriptionTests.swift */ = {isa = PBXFileReference; lastKnownFileType = sourcecode.swift; name = "TranscriptionTests.swift"; path = "VeraFlowTests/TranscriptionTests.swift"; sourceTree = "<group>"; };
		E52E4BDF6A3A402DB7964511 /* ServiceFakesTests.swift */ = {isa = PBXFileReference; lastKnownFileType = sourcecode.swift; name = "ServiceFakesTests.swift"; path = "VeraFlowTests/ServiceFakesTests.swift"; sourceTree = "<group>"; };
		274D7FA45FE14C9A89BF91FC /* NetworkPolicyTests.swift */ = {isa = PBXFileReference; lastKnownFileType = sourcecode.swift; name = "NetworkPolicyTests.swift"; path = "VeraFlowTests/NetworkPolicyTests.swift"; sourceTree = "<group>"; };
		46CFBEE6F23E44A2B12F5C8D /* DataModelTests.swift */ = {isa = PBXFileReference; lastKnownFileType = sourcecode.swift; name = "DataModelTests.swift"; path = "VeraFlowTests/DataModelTests.swift"; sourceTree = "<group>"; };
		691E64247FE24002A3948B57 /* AudioRecordingTests.swift */ = {isa = PBXFileReference; lastKnownFileType = sourcecode.swift; name = "AudioRecordingTests.swift"; path = "VeraFlowTests/AudioRecordingTests.swift"; sourceTree = "<group>"; };
		8032A7188A0C4EBA8E153CF1 /* TranscriptAlignerTests.swift */ = {isa = PBXFileReference; lastKnownFileType = sourcecode.swift; name = "TranscriptAlignerTests.swift"; path = "VeraFlowTests/TranscriptAlignerTests.swift"; sourceTree = "<group>"; };
/* End PBXFileReference section */
/* Begin PBXFrameworksBuildPhase section */
		947493E3F31348A8B29AEBEE /* Frameworks */ = {
			isa = PBXFrameworksBuildPhase;
			buildActionMask = 2147483647;
			files = (
			);
			runOnlyForDeploymentPostprocessing = 0;
		};
		BB642CF5BE4549FFACDE2F67 /* Frameworks */ = {
			isa = PBXFrameworksBuildPhase;
			buildActionMask = 2147483647;
			files = (
			);
			runOnlyForDeploymentPostprocessing = 0;
		};
/* End PBXFrameworksBuildPhase section */
/* Begin PBXGroup section */
		1586AB2E7DFF460791E66186 = {
			isa = PBXGroup;
			children = (
				053FA404C4BE4A27AFEE67AB /* VeraFlow */,
				AAD7128DFDA64D2B98486AC6 /* VeraFlowTests */,
				9D874D0B14D54067AF7C0508 /* Products */,
			);
			sourceTree = "<group>";
		};
		053FA404C4BE4A27AFEE67AB /* VeraFlow */ = {
			isa = PBXGroup;
			children = (
				1D7705AAED59418482F9A801 /* VeraFlowApp.swift */,
				F84B3F9969E244D68EC61DC8 /* AppConstants.swift */,
				BD0D2F594CD54B05A35B494A /* SettingsView.swift */,
				85A47A676D4A491EBABAB1BB /* LibraryViewModel.swift */,
				FF63111B3A4D4682ABA13D84 /* LibraryView.swift */,
				177976CC6EBD41E6B3642EFD /* RecordingDetailView.swift */,
				DE8098C5999A4D019B04FF3F /* RecorderView.swift */,
				07DDE9D7361C4486929CD345 /* TimedWord.swift */,
				3117D951871042F595116CA5 /* PipelineStage.swift */,
				B9C06E1AAB9343ECBC5F733A /* RecordingSource.swift */,
				8A8FF333F9524792AA265857 /* TemplateID.swift */,
				DBFEB8FA1B3F482D92948038 /* Speaker.swift */,
				92ACE032007C4B139DD1DEE4 /* Recording.swift */,
				CA86A465E1DF4C7794CB7303 /* SummaryRecord.swift */,
				B35CFDF4FD714271B6767DCB /* Bookmark.swift */,
				734567D3113E43EE92805B58 /* TranscriptSegment.swift */,
				975C20CCE2564A46866E0CB8 /* SpeechTranscriptionService.swift */,
				137848A4BCC14C4C9916387F /* FluidDiarizationService.swift */,
				694AB37502CC4DDB891717EE /* ParagraphingService.swift */,
				CC0E3F499BCE4D34B4FFA239 /* AudioPlayerService.swift */,
				9DBA184337EE4FB9A6112BAA /* CrashRecoveryService.swift */,
				E3898EC28BB942EDBB7188EF /* AudioImportService.swift */,
				46D2C6DA6B2345F8A88076E6 /* AudioRecorderService.swift */,
				0AFD466B8216471EB071CD51 /* TranscriptAligner.swift */,
				6660806107984E1DA975ADD6 /* FakeAudioImportService.swift */,
				6E76DD87584C454C8AA056FA /* PreviewData.swift */,
				F531C45A92AF4575BDECCDCA /* FakeCapabilityService.swift */,
				1C67F5A1B48C4F8F875834AC /* FakeTranscriptAligner.swift */,
				3B4CCF0A5122462CAE26CF40 /* FakeSummarizationService.swift */,
				151C0A7C196D420C9AF6F694 /* FakeDueDateResolver.swift */,
				6E04C338E8AC42B4BE09A491 /* FakeDiarizationService.swift */,
				ACE9B7398B9643F2B78FBFCA /* FakeExportService.swift */,
				C4FC46E376E84945A6B336CD /* FakePurchaseService.swift */,
				0B605BD7698545D997A249E6 /* FakeTranscriptionService.swift */,
				16A16625FF2A4F31B1B84EEB /* FakeAudioRecorderService.swift */,
				59173A47F1424CFD8C127C6C /* FakePipelineCoordinator.swift */,
				127C22909A4F4F7992A086EA /* DueDateResolverProtocol.swift */,
				5FAF0AB0B3184E828363CF5F /* PurchaseServiceProtocol.swift */,
				FBC0983A2D71461A8B0185C0 /* AudioRecorderServiceProtocol.swift */,
				F545F79EBBE04119863B2A83 /* CapabilityServiceProtocol.swift */,
				264DB01F6A0D4F9FB85CFF8B /* ExportServiceProtocol.swift */,
				2810778CC61F4E978881320C /* SummarizationServiceProtocol.swift */,
				1ED9CEC49BA640B7A53C16CC /* TranscriptAlignerProtocol.swift */,
				E15F3CCDBCE741F2970F6181 /* DiarizationServiceProtocol.swift */,
				03F8851353C04D9487E3CC59 /* PipelineCoordinatorProtocol.swift */,
				B0BCBB7C66094262B53E18A1 /* AudioImportServiceProtocol.swift */,
				85958305ACFA4EEABA3D89C9 /* TranscriptionServiceProtocol.swift */,
			);
			path = VeraFlow;
			sourceTree = "<group>";
		};
		AAD7128DFDA64D2B98486AC6 /* VeraFlowTests */ = {
			isa = PBXGroup;
			children = (
				8D4171A73F984340A81E2CD5 /* AudioImportTests.swift */,
				14963F1E256540D084B74E47 /* TranscriptionTests.swift */,
				E52E4BDF6A3A402DB7964511 /* ServiceFakesTests.swift */,
				274D7FA45FE14C9A89BF91FC /* NetworkPolicyTests.swift */,
				46CFBEE6F23E44A2B12F5C8D /* DataModelTests.swift */,
				691E64247FE24002A3948B57 /* AudioRecordingTests.swift */,
				8032A7188A0C4EBA8E153CF1 /* TranscriptAlignerTests.swift */,
			);
			path = VeraFlowTests;
			sourceTree = "<group>";
		};
		9D874D0B14D54067AF7C0508 /* Products */ = {
			isa = PBXGroup;
			children = (
				4701952D0CC84CAD9AD75F2C /* VeraFlow.app */,
				8FE5EC4A81D34AE49E1EA639 /* VeraFlowTests.xctest */,
			);
			name = Products;
			sourceTree = "<group>";
		};
/* End PBXGroup section */
/* Begin PBXNativeTarget section */
		1A4924A539684647ACE3CBE3 /* VeraFlow */ = {
			isa = PBXNativeTarget;
			buildConfigurationList = 1E28DC8878F34DE794BFEF42 /* Build configuration list for PBXNativeTarget "VeraFlow" */;
			buildPhases = (
				4049AAABE5A7466E9D9A4C00 /* Sources */,
				947493E3F31348A8B29AEBEE /* Frameworks */,
			);
			buildRules = (
			);
			dependencies = (
			);
			name = VeraFlow;
			productName = VeraFlow;
			productReference = 4701952D0CC84CAD9AD75F2C /* VeraFlow.app */;
			productType = "com.apple.product-type.application";
		};
		AE14FFD0215C4996B4E53604 /* VeraFlowTests */ = {
			isa = PBXNativeTarget;
			buildConfigurationList = BB7ED2ED5CD6479182D2801B /* Build configuration list for PBXNativeTarget "VeraFlowTests" */;
			buildPhases = (
				109009C446964CA891B72CB7 /* Sources */,
				BB642CF5BE4549FFACDE2F67 /* Frameworks */,
			);
			buildRules = (
			);
			dependencies = (
			);
			name = VeraFlowTests;
			productName = VeraFlowTests;
			productReference = 8FE5EC4A81D34AE49E1EA639 /* VeraFlowTests.xctest */;
			productType = "com.apple.product-type.bundle.unit-test";
		};
/* End PBXNativeTarget section */
/* Begin PBXProject section */
		57E9BBBD5D324A4480225DB8 /* Project object */ = {
			isa = PBXProject;
			attributes = {
				BuildIndependentTargetsInParallel = 1;
				LastUpgradeCheck = 1600;
			};
			buildConfigurationList = 519469C18E43485CA49D7AC0 /* Build configuration list for PBXProject "VeraFlow" */;
			compatibilityVersion = "Xcode 14.0";
			developmentRegion = en;
			hasScannedForEncodings = 0;
			knownRegions = (
				en,
				Base,
			);
			mainGroup = 1586AB2E7DFF460791E66186;
			productRefGroup = 9D874D0B14D54067AF7C0508 /* Products */;
			projectDirPath = "";
			projectRoot = "";
			targets = (
				1A4924A539684647ACE3CBE3 /* VeraFlow */,
				AE14FFD0215C4996B4E53604 /* VeraFlowTests */,
			);
		};
/* End PBXProject section */
/* Begin PBXSourcesBuildPhase section */
		4049AAABE5A7466E9D9A4C00 /* Sources */ = {
			isa = PBXSourcesBuildPhase;
			buildActionMask = 2147483647;
			files = (
				DCCE7743AA134A1CAAA9CC3F /* VeraFlowApp.swift in Sources */,
				F984184213CA450BA34F357A /* AppConstants.swift in Sources */,
				EEEB821B4D784A4FA0B1EC31 /* SettingsView.swift in Sources */,
				BB9F8C855ADD4817945A5863 /* LibraryViewModel.swift in Sources */,
				4D6400F09CA544E59A362D06 /* LibraryView.swift in Sources */,
				BF0E2BE907BC470AA80DCC46 /* RecordingDetailView.swift in Sources */,
				BFE40C91EB2E4C0491863F06 /* RecorderView.swift in Sources */,
				94BF944B5DAD44CE982E3FC1 /* TimedWord.swift in Sources */,
				9B9A237AC6E240A099264723 /* PipelineStage.swift in Sources */,
				935D151B5B9F4BC482576945 /* RecordingSource.swift in Sources */,
				00F85A30CBB74C60A6A93092 /* TemplateID.swift in Sources */,
				65DA9502D9BC4F75A4F25F9A /* Speaker.swift in Sources */,
				4D858AC20EB04E7A8B9F63B0 /* Recording.swift in Sources */,
				6E9D88F4066A4524981D2650 /* SummaryRecord.swift in Sources */,
				DFDCADC0B51A4DB6A1CE37B0 /* Bookmark.swift in Sources */,
				2965913169D4435CA6F31402 /* TranscriptSegment.swift in Sources */,
				5676C6E024FB48A3820995D6 /* SpeechTranscriptionService.swift in Sources */,
				6FF9BB8333214235A3E293A1 /* FluidDiarizationService.swift in Sources */,
				4E4FD7B9F003409988814D70 /* ParagraphingService.swift in Sources */,
				2F6989D5F9EA4ECFB6345CC2 /* AudioPlayerService.swift in Sources */,
				D114D57C3DEB47CD89807B7F /* CrashRecoveryService.swift in Sources */,
				7FD21A53E25D4B93ABBC22BD /* AudioImportService.swift in Sources */,
				55174E0818BA4993AAA7958E /* AudioRecorderService.swift in Sources */,
				8830DE94F0C94FDB97951FB3 /* TranscriptAligner.swift in Sources */,
				A93C75FE22E1486096B27319 /* FakeAudioImportService.swift in Sources */,
				739BA148785C4D8C8CF5D199 /* PreviewData.swift in Sources */,
				01BDEB3364BC4C58AD9F7F18 /* FakeCapabilityService.swift in Sources */,
				D2F76DF2135E499785977126 /* FakeTranscriptAligner.swift in Sources */,
				92BA4B3C057C4B979819EC48 /* FakeSummarizationService.swift in Sources */,
				7F9F31A1A6EF44BB9737BC60 /* FakeDueDateResolver.swift in Sources */,
				80049FED1EC34ADFB73D308E /* FakeDiarizationService.swift in Sources */,
				D7A36BD4A97C4B43B257FE6F /* FakeExportService.swift in Sources */,
				B904C94CA32B4A6B8FC14455 /* FakePurchaseService.swift in Sources */,
				F3AD05D6183846438B50E8FC /* FakeTranscriptionService.swift in Sources */,
				0C026A06361A485D862B196B /* FakeAudioRecorderService.swift in Sources */,
				7BDFED99845C4D8DAD5FE5AD /* FakePipelineCoordinator.swift in Sources */,
				0BB99860B83F4B938695B876 /* DueDateResolverProtocol.swift in Sources */,
				1C1488595CC3437F9C1D5AA0 /* PurchaseServiceProtocol.swift in Sources */,
				4B8C07BB378C46998B8431B8 /* AudioRecorderServiceProtocol.swift in Sources */,
				CE861E8CB1014B84A9115359 /* CapabilityServiceProtocol.swift in Sources */,
				334FEDFA503B44ACAC094A2A /* ExportServiceProtocol.swift in Sources */,
				20A2EDAD6B2B4F27B07ACDFD /* SummarizationServiceProtocol.swift in Sources */,
				B71626B38C884800A9E14CCD /* TranscriptAlignerProtocol.swift in Sources */,
				F4E2AA1AC9944DCBB1C1FFA9 /* DiarizationServiceProtocol.swift in Sources */,
				E279CE666FEA401CBFF2B723 /* PipelineCoordinatorProtocol.swift in Sources */,
				5F7A00425EA2475D9A0E54A7 /* AudioImportServiceProtocol.swift in Sources */,
				3B1CBE68149245C6AC315DEE /* TranscriptionServiceProtocol.swift in Sources */,
			);
			runOnlyForDeploymentPostprocessing = 0;
		};
		109009C446964CA891B72CB7 /* Sources */ = {
			isa = PBXSourcesBuildPhase;
			buildActionMask = 2147483647;
			files = (
				BA18122EF97442EF97AB47BA /* AudioImportTests.swift in Sources */,
				45EAA5E688234C7EAB379B5F /* TranscriptionTests.swift in Sources */,
				9FBCD277C75C45F385914ADE /* ServiceFakesTests.swift in Sources */,
				3AD7869E87D0419AB095CE92 /* NetworkPolicyTests.swift in Sources */,
				108D92339BD64EA4A7F0249F /* DataModelTests.swift in Sources */,
				E2F0746335FF435CBB37C080 /* AudioRecordingTests.swift in Sources */,
				FB3FF0820D8F47CE91434AF5 /* TranscriptAlignerTests.swift in Sources */,
			);
			runOnlyForDeploymentPostprocessing = 0;
		};
/* End PBXSourcesBuildPhase section */
/* Begin XCBuildConfiguration section */
		EE5D9474BDA84118B03ADED2 /* Debug */ = {
			isa = XCBuildConfiguration;
			buildSettings = {
				ALWAYS_SEARCH_USER_PATHS = NO;
				CLANG_ENABLE_MODULES = YES;
				ENABLE_TESTABILITY = YES;
				IPHONEOS_DEPLOYMENT_TARGET = 26.0;
				SDKROOT = iphoneos;
				SWIFT_STRICT_CONCURRENCY = complete;
				SWIFT_VERSION = 6.0;
			};
			name = Debug;
		};
		0B163CE7A91A4995ACB824E8 /* Release */ = {
			isa = XCBuildConfiguration;
			buildSettings = {
				ALWAYS_SEARCH_USER_PATHS = NO;
				CLANG_ENABLE_MODULES = YES;
				IPHONEOS_DEPLOYMENT_TARGET = 26.0;
				SDKROOT = iphoneos;
				SWIFT_STRICT_CONCURRENCY = complete;
				SWIFT_VERSION = 6.0;
			};
			name = Release;
		};
		44E97CA38B954223B6E2F4FC /* Debug */ = {
			isa = XCBuildConfiguration;
			buildSettings = {
				ASSETCATALOG_COMPILER_APPICON_NAME = AppIcon;
				CURRENT_PROJECT_VERSION = 1;
				GENERATE_INFOPLIST_FILE = YES;
				INFOPLIST_KEY_CFBundleDisplayName = VeraFlow;
				INFOPLIST_KEY_NSMicrophoneUsageDescription = "VeraFlow records meetings and audio locally on your iPhone. Audio never leaves your device.";
				INFOPLIST_KEY_UIBackgroundModes = audio;
				MARKETING_VERSION = 1.0;
				PRODUCT_BUNDLE_IDENTIFIER = com.veraflow.app;
				PRODUCT_NAME = "$(TARGET_NAME)";
				SWIFT_OPTIMIZATION_LEVEL = "-Onone";
			};
			name = Debug;
		};
		4F342754EF8843DA87B2AD4C /* Release */ = {
			isa = XCBuildConfiguration;
			buildSettings = {
				ASSETCATALOG_COMPILER_APPICON_NAME = AppIcon;
				CURRENT_PROJECT_VERSION = 1;
				GENERATE_INFOPLIST_FILE = YES;
				INFOPLIST_KEY_CFBundleDisplayName = VeraFlow;
				INFOPLIST_KEY_NSMicrophoneUsageDescription = "VeraFlow records meetings and audio locally on your iPhone. Audio never leaves your device.";
				INFOPLIST_KEY_UIBackgroundModes = audio;
				MARKETING_VERSION = 1.0;
				PRODUCT_BUNDLE_IDENTIFIER = com.veraflow.app;
				PRODUCT_NAME = "$(TARGET_NAME)";
			};
			name = Release;
		};
		931D8A34D4B84BC8AE778268 /* Debug */ = {
			isa = XCBuildConfiguration;
			buildSettings = {
				BUNDLE_LOADER = "$(TEST_HOST)";
				GENERATE_INFOPLIST_FILE = YES;
				PRODUCT_BUNDLE_IDENTIFIER = com.veraflow.VeraFlowTests;
				PRODUCT_NAME = "$(TARGET_NAME)";
				TEST_HOST = "$(BUILT_PRODUCTS_DIR)/VeraFlow.app/$(BUNDLE_EXECUTABLE_FOLDER_PATH)/VeraFlow";
			};
			name = Debug;
		};
		F60B19050ADD4A5B8845AD20 /* Release */ = {
			isa = XCBuildConfiguration;
			buildSettings = {
				BUNDLE_LOADER = "$(TEST_HOST)";
				GENERATE_INFOPLIST_FILE = YES;
				PRODUCT_BUNDLE_IDENTIFIER = com.veraflow.VeraFlowTests;
				PRODUCT_NAME = "$(TARGET_NAME)";
				TEST_HOST = "$(BUILT_PRODUCTS_DIR)/VeraFlow.app/$(BUNDLE_EXECUTABLE_FOLDER_PATH)/VeraFlow";
			};
			name = Release;
		};
/* End XCBuildConfiguration section */
/* Begin XCConfigurationList section */
		519469C18E43485CA49D7AC0 /* Build configuration list for PBXProject "VeraFlow" */ = {
			isa = XCConfigurationList;
			buildConfigurations = (
				EE5D9474BDA84118B03ADED2 /* Debug */,
				0B163CE7A91A4995ACB824E8 /* Release */,
			);
			defaultConfigurationIsVisible = 0;
			defaultConfigurationName = Release;
		};
		1E28DC8878F34DE794BFEF42 /* Build configuration list for PBXNativeTarget "VeraFlow" */ = {
			isa = XCConfigurationList;
			buildConfigurations = (
				44E97CA38B954223B6E2F4FC /* Debug */,
				4F342754EF8843DA87B2AD4C /* Release */,
			);
			defaultConfigurationIsVisible = 0;
			defaultConfigurationName = Release;
		};
		BB7ED2ED5CD6479182D2801B /* Build configuration list for PBXNativeTarget "VeraFlowTests" */ = {
			isa = XCConfigurationList;
			buildConfigurations = (
				931D8A34D4B84BC8AE778268 /* Debug */,
				F60B19050ADD4A5B8845AD20 /* Release */,
			);
			defaultConfigurationIsVisible = 0;
			defaultConfigurationName = Release;
		};
/* End XCConfigurationList section */
	};
	rootObject = 57E9BBBD5D324A4480225DB8 /* Project object */;
}
